// !$*UTF8*$!
{
	archiveVersion = 1;
	classes = {
	};
	objectVersion = 46;
	objects = {

/* Begin PBXBuildFile section */
		A1CB092CCF3273F0C85709DF /* libPods-screenshot.a in Frameworks */ = {isa = PBXBuildFile; fileRef = FB8CE9097A57D1795AB29300 /* libPods-screenshot.a */; };
		C5278F6C1F3986B00090E422 /* FavoritesViewController.m in Sources */ = {isa = PBXBuildFile; fileRef = C5278F651F3986B00090E422 /* FavoritesViewController.m */; };
		C5278F6D1F3986B00090E422 /* ScreenshotsViewController.m in Sources */ = {isa = PBXBuildFile; fileRef = C5278F671F3986B00090E422 /* ScreenshotsViewController.m */; };
		C5278F6E1F3986B00090E422 /* SettingsViewController.m in Sources */ = {isa = PBXBuildFile; fileRef = C5278F691F3986B00090E422 /* SettingsViewController.m */; };
		C5278F6F1F3986B00090E422 /* ShoppablesViewController.m in Sources */ = {isa = PBXBuildFile; fileRef = C5278F6B1F3986B00090E422 /* ShoppablesViewController.m */; };
		C5278F731F3986CD0090E422 /* ScreenshotCollectionViewCell.m in Sources */ = {isa = PBXBuildFile; fileRef = C5278F721F3986CD0090E422 /* ScreenshotCollectionViewCell.m */; };
		C5278F771F39881B0090E422 /* MainTabBarController.m in Sources */ = {isa = PBXBuildFile; fileRef = C5278F761F39881B0090E422 /* MainTabBarController.m */; };
		C5278F7A1F3988590090E422 /* ScreenshotsNavigationController.m in Sources */ = {isa = PBXBuildFile; fileRef = C5278F791F3988590090E422 /* ScreenshotsNavigationController.m */; };
		C5278F7D1F398DCA0090E422 /* BaseViewController.m in Sources */ = {isa = PBXBuildFile; fileRef = C5278F7C1F398DCA0090E422 /* BaseViewController.m */; };
		C5278F861F398F800090E422 /* UIColor+Appearance.m in Sources */ = {isa = PBXBuildFile; fileRef = C5278F851F398F800090E422 /* UIColor+Appearance.m */; };
		E4139D451F09083B00E8A53B /* main.m in Sources */ = {isa = PBXBuildFile; fileRef = E4139D441F09083B00E8A53B /* main.m */; };
		E4139D481F09083B00E8A53B /* AppDelegate.m in Sources */ = {isa = PBXBuildFile; fileRef = E4139D471F09083B00E8A53B /* AppDelegate.m */; };
		E4139D4B1F09083B00E8A53B /* ViewController.m in Sources */ = {isa = PBXBuildFile; fileRef = E4139D4A1F09083B00E8A53B /* ViewController.m */; };
		E4139D4E1F09083B00E8A53B /* Main.storyboard in Resources */ = {isa = PBXBuildFile; fileRef = E4139D4C1F09083B00E8A53B /* Main.storyboard */; };
		E4139D501F09083B00E8A53B /* Assets.xcassets in Resources */ = {isa = PBXBuildFile; fileRef = E4139D4F1F09083B00E8A53B /* Assets.xcassets */; };
		E4139D531F09083B00E8A53B /* LaunchScreen.storyboard in Resources */ = {isa = PBXBuildFile; fileRef = E4139D511F09083B00E8A53B /* LaunchScreen.storyboard */; };
		E43583FA1F38771000A0A540 /* NetworkingModel.m in Sources */ = {isa = PBXBuildFile; fileRef = E43583F91F38771000A0A540 /* NetworkingModel.m */; };
		E45AC7221F090C2300F82CE7 /* MatchModel.m in Sources */ = {isa = PBXBuildFile; fileRef = E45AC7211F090C2300F82CE7 /* MatchModel.m */; };
/* End PBXBuildFile section */

/* Begin PBXFileReference section */
		A876FB250F1D7FE8A41B8A8F /* Pods-screenshot.debug.xcconfig */ = {isa = PBXFileReference; includeInIndex = 1; lastKnownFileType = text.xcconfig; name = "Pods-screenshot.debug.xcconfig"; path = "Pods/Target Support Files/Pods-screenshot/Pods-screenshot.debug.xcconfig"; sourceTree = "<group>"; };
		C5278F641F3986B00090E422 /* FavoritesViewController.h */ = {isa = PBXFileReference; fileEncoding = 4; lastKnownFileType = sourcecode.c.h; path = FavoritesViewController.h; sourceTree = "<group>"; };
		C5278F651F3986B00090E422 /* FavoritesViewController.m */ = {isa = PBXFileReference; fileEncoding = 4; lastKnownFileType = sourcecode.c.objc; path = FavoritesViewController.m; sourceTree = "<group>"; };
		C5278F661F3986B00090E422 /* ScreenshotsViewController.h */ = {isa = PBXFileReference; fileEncoding = 4; lastKnownFileType = sourcecode.c.h; path = ScreenshotsViewController.h; sourceTree = "<group>"; };
		C5278F671F3986B00090E422 /* ScreenshotsViewController.m */ = {isa = PBXFileReference; fileEncoding = 4; lastKnownFileType = sourcecode.c.objc; path = ScreenshotsViewController.m; sourceTree = "<group>"; };
		C5278F681F3986B00090E422 /* SettingsViewController.h */ = {isa = PBXFileReference; fileEncoding = 4; lastKnownFileType = sourcecode.c.h; path = SettingsViewController.h; sourceTree = "<group>"; };
		C5278F691F3986B00090E422 /* SettingsViewController.m */ = {isa = PBXFileReference; fileEncoding = 4; lastKnownFileType = sourcecode.c.objc; path = SettingsViewController.m; sourceTree = "<group>"; };
		C5278F6A1F3986B00090E422 /* ShoppablesViewController.h */ = {isa = PBXFileReference; fileEncoding = 4; lastKnownFileType = sourcecode.c.h; path = ShoppablesViewController.h; sourceTree = "<group>"; };
		C5278F6B1F3986B00090E422 /* ShoppablesViewController.m */ = {isa = PBXFileReference; fileEncoding = 4; lastKnownFileType = sourcecode.c.objc; path = ShoppablesViewController.m; sourceTree = "<group>"; };
		C5278F711F3986CD0090E422 /* ScreenshotCollectionViewCell.h */ = {isa = PBXFileReference; fileEncoding = 4; lastKnownFileType = sourcecode.c.h; path = ScreenshotCollectionViewCell.h; sourceTree = "<group>"; };
		C5278F721F3986CD0090E422 /* ScreenshotCollectionViewCell.m */ = {isa = PBXFileReference; fileEncoding = 4; lastKnownFileType = sourcecode.c.objc; path = ScreenshotCollectionViewCell.m; sourceTree = "<group>"; };
		C5278F751F39881B0090E422 /* MainTabBarController.h */ = {isa = PBXFileReference; fileEncoding = 4; lastKnownFileType = sourcecode.c.h; path = MainTabBarController.h; sourceTree = "<group>"; };
		C5278F761F39881B0090E422 /* MainTabBarController.m */ = {isa = PBXFileReference; fileEncoding = 4; lastKnownFileType = sourcecode.c.objc; path = MainTabBarController.m; sourceTree = "<group>"; };
		C5278F781F3988590090E422 /* ScreenshotsNavigationController.h */ = {isa = PBXFileReference; fileEncoding = 4; lastKnownFileType = sourcecode.c.h; path = ScreenshotsNavigationController.h; sourceTree = "<group>"; };
		C5278F791F3988590090E422 /* ScreenshotsNavigationController.m */ = {isa = PBXFileReference; fileEncoding = 4; lastKnownFileType = sourcecode.c.objc; path = ScreenshotsNavigationController.m; sourceTree = "<group>"; };
		C5278F7B1F398DCA0090E422 /* BaseViewController.h */ = {isa = PBXFileReference; fileEncoding = 4; lastKnownFileType = sourcecode.c.h; path = BaseViewController.h; sourceTree = "<group>"; };
		C5278F7C1F398DCA0090E422 /* BaseViewController.m */ = {isa = PBXFileReference; fileEncoding = 4; lastKnownFileType = sourcecode.c.objc; path = BaseViewController.m; sourceTree = "<group>"; };
		C5278F841F398F800090E422 /* UIColor+Appearance.h */ = {isa = PBXFileReference; fileEncoding = 4; lastKnownFileType = sourcecode.c.h; path = "UIColor+Appearance.h"; sourceTree = "<group>"; };
		C5278F851F398F800090E422 /* UIColor+Appearance.m */ = {isa = PBXFileReference; fileEncoding = 4; lastKnownFileType = sourcecode.c.objc; path = "UIColor+Appearance.m"; sourceTree = "<group>"; };
		DBD57DBE54ED8D9285AC2899 /* Pods-screenshot.release.xcconfig */ = {isa = PBXFileReference; includeInIndex = 1; lastKnownFileType = text.xcconfig; name = "Pods-screenshot.release.xcconfig"; path = "Pods/Target Support Files/Pods-screenshot/Pods-screenshot.release.xcconfig"; sourceTree = "<group>"; };
		E4139D401F09083B00E8A53B /* screenshot.app */ = {isa = PBXFileReference; explicitFileType = wrapper.application; includeInIndex = 0; path = screenshot.app; sourceTree = BUILT_PRODUCTS_DIR; };
		E4139D441F09083B00E8A53B /* main.m */ = {isa = PBXFileReference; lastKnownFileType = sourcecode.c.objc; path = main.m; sourceTree = "<group>"; };
		E4139D461F09083B00E8A53B /* AppDelegate.h */ = {isa = PBXFileReference; lastKnownFileType = sourcecode.c.h; path = AppDelegate.h; sourceTree = "<group>"; };
		E4139D471F09083B00E8A53B /* AppDelegate.m */ = {isa = PBXFileReference; lastKnownFileType = sourcecode.c.objc; path = AppDelegate.m; sourceTree = "<group>"; };
		E4139D491F09083B00E8A53B /* ViewController.h */ = {isa = PBXFileReference; lastKnownFileType = sourcecode.c.h; path = ViewController.h; sourceTree = "<group>"; };
		E4139D4A1F09083B00E8A53B /* ViewController.m */ = {isa = PBXFileReference; lastKnownFileType = sourcecode.c.objc; path = ViewController.m; sourceTree = "<group>"; };
		E4139D4D1F09083B00E8A53B /* Base */ = {isa = PBXFileReference; lastKnownFileType = file.storyboard; name = Base; path = Base.lproj/Main.storyboard; sourceTree = "<group>"; };
		E4139D4F1F09083B00E8A53B /* Assets.xcassets */ = {isa = PBXFileReference; lastKnownFileType = folder.assetcatalog; path = Assets.xcassets; sourceTree = "<group>"; };
		E4139D521F09083B00E8A53B /* Base */ = {isa = PBXFileReference; lastKnownFileType = file.storyboard; name = Base; path = Base.lproj/LaunchScreen.storyboard; sourceTree = "<group>"; };
		E4139D541F09083B00E8A53B /* Info.plist */ = {isa = PBXFileReference; lastKnownFileType = text.plist.xml; path = Info.plist; sourceTree = "<group>"; };
		E43583F81F38771000A0A540 /* NetworkingModel.h */ = {isa = PBXFileReference; fileEncoding = 4; lastKnownFileType = sourcecode.c.h; path = NetworkingModel.h; sourceTree = "<group>"; };
		E43583F91F38771000A0A540 /* NetworkingModel.m */ = {isa = PBXFileReference; fileEncoding = 4; lastKnownFileType = sourcecode.c.objc; path = NetworkingModel.m; sourceTree = "<group>"; };
		E45AC7201F090C2300F82CE7 /* MatchModel.h */ = {isa = PBXFileReference; fileEncoding = 4; lastKnownFileType = sourcecode.c.h; path = MatchModel.h; sourceTree = "<group>"; };
		E45AC7211F090C2300F82CE7 /* MatchModel.m */ = {isa = PBXFileReference; fileEncoding = 4; lastKnownFileType = sourcecode.c.objc; path = MatchModel.m; sourceTree = "<group>"; };
		FB8CE9097A57D1795AB29300 /* libPods-screenshot.a */ = {isa = PBXFileReference; explicitFileType = archive.ar; includeInIndex = 0; path = "libPods-screenshot.a"; sourceTree = BUILT_PRODUCTS_DIR; };
/* End PBXFileReference section */

/* Begin PBXFrameworksBuildPhase section */
		E4139D3D1F09083B00E8A53B /* Frameworks */ = {
			isa = PBXFrameworksBuildPhase;
			buildActionMask = 2147483647;
			files = (
				A1CB092CCF3273F0C85709DF /* libPods-screenshot.a in Frameworks */,
			);
			runOnlyForDeploymentPostprocessing = 0;
		};
/* End PBXFrameworksBuildPhase section */

/* Begin PBXGroup section */
		BEBA23337A8F69FF9EF80643 /* Pods */ = {
			isa = PBXGroup;
			children = (
				A876FB250F1D7FE8A41B8A8F /* Pods-screenshot.debug.xcconfig */,
				DBD57DBE54ED8D9285AC2899 /* Pods-screenshot.release.xcconfig */,
			);
			name = Pods;
			sourceTree = "<group>";
		};
		C5278F631F3986B00090E422 /* Pages */ = {
			isa = PBXGroup;
			children = (
				C5278F641F3986B00090E422 /* FavoritesViewController.h */,
				C5278F651F3986B00090E422 /* FavoritesViewController.m */,
				C5278F661F3986B00090E422 /* ScreenshotsViewController.h */,
				C5278F671F3986B00090E422 /* ScreenshotsViewController.m */,
				C5278F681F3986B00090E422 /* SettingsViewController.h */,
				C5278F691F3986B00090E422 /* SettingsViewController.m */,
				C5278F6A1F3986B00090E422 /* ShoppablesViewController.h */,
				C5278F6B1F3986B00090E422 /* ShoppablesViewController.m */,
			);
			path = Pages;
			sourceTree = "<group>";
		};
		C5278F701F3986CD0090E422 /* Views */ = {
			isa = PBXGroup;
			children = (
				C5278F711F3986CD0090E422 /* ScreenshotCollectionViewCell.h */,
				C5278F721F3986CD0090E422 /* ScreenshotCollectionViewCell.m */,
			);
			path = Views;
			sourceTree = "<group>";
		};
		C5278F741F3988040090E422 /* ViewControllers */ = {
			isa = PBXGroup;
			children = (
				C5278F751F39881B0090E422 /* MainTabBarController.h */,
				C5278F761F39881B0090E422 /* MainTabBarController.m */,
				C5278F781F3988590090E422 /* ScreenshotsNavigationController.h */,
				C5278F791F3988590090E422 /* ScreenshotsNavigationController.m */,
				C5278F7B1F398DCA0090E422 /* BaseViewController.h */,
				C5278F7C1F398DCA0090E422 /* BaseViewController.m */,
			);
			path = ViewControllers;
			sourceTree = "<group>";
		};
		C5278F831F398F800090E422 /* Categories */ = {
			isa = PBXGroup;
			children = (
				C5278F841F398F800090E422 /* UIColor+Appearance.h */,
				C5278F851F398F800090E422 /* UIColor+Appearance.m */,
			);
			path = Categories;
			sourceTree = "<group>";
		};
		E4139D371F09083B00E8A53B = {
			isa = PBXGroup;
			children = (
				E4139D421F09083B00E8A53B /* screenshot */,
				E4139D411F09083B00E8A53B /* Products */,
				BEBA23337A8F69FF9EF80643 /* Pods */,
				EED5E55462B98A9C783AC0F5 /* Frameworks */,
			);
			sourceTree = "<group>";
		};
		E4139D411F09083B00E8A53B /* Products */ = {
			isa = PBXGroup;
			children = (
				E4139D401F09083B00E8A53B /* screenshot.app */,
			);
			name = Products;
			sourceTree = "<group>";
		};
		E4139D421F09083B00E8A53B /* screenshot */ = {
			isa = PBXGroup;
			children = (
				C5278F831F398F800090E422 /* Categories */,
				E45AC71F1F090BC800F82CE7 /* Model */,
				C5278F631F3986B00090E422 /* Pages */,
				C5278F741F3988040090E422 /* ViewControllers */,
				C5278F701F3986CD0090E422 /* Views */,
				E4139D461F09083B00E8A53B /* AppDelegate.h */,
				E4139D471F09083B00E8A53B /* AppDelegate.m */,
				E4139D491F09083B00E8A53B /* ViewController.h */,
				E4139D4A1F09083B00E8A53B /* ViewController.m */,
				E4139D4C1F09083B00E8A53B /* Main.storyboard */,
				E4139D4F1F09083B00E8A53B /* Assets.xcassets */,
				E4139D511F09083B00E8A53B /* LaunchScreen.storyboard */,
				E4139D541F09083B00E8A53B /* Info.plist */,
				E4139D431F09083B00E8A53B /* Supporting Files */,
			);
			path = screenshot;
			sourceTree = "<group>";
		};
		E4139D431F09083B00E8A53B /* Supporting Files */ = {
			isa = PBXGroup;
			children = (
				E4139D441F09083B00E8A53B /* main.m */,
			);
			name = "Supporting Files";
			sourceTree = "<group>";
		};
		E45AC71F1F090BC800F82CE7 /* Model */ = {
			isa = PBXGroup;
			children = (
				E45AC7201F090C2300F82CE7 /* MatchModel.h */,
				E45AC7211F090C2300F82CE7 /* MatchModel.m */,
				E43583F81F38771000A0A540 /* NetworkingModel.h */,
				E43583F91F38771000A0A540 /* NetworkingModel.m */,
			);
			path = Model;
			sourceTree = "<group>";
		};
		EED5E55462B98A9C783AC0F5 /* Frameworks */ = {
			isa = PBXGroup;
			children = (
				FB8CE9097A57D1795AB29300 /* libPods-screenshot.a */,
			);
			name = Frameworks;
			sourceTree = "<group>";
		};
/* End PBXGroup section */

/* Begin PBXNativeTarget section */
		E4139D3F1F09083B00E8A53B /* screenshot */ = {
			isa = PBXNativeTarget;
			buildConfigurationList = E4139D571F09083B00E8A53B /* Build configuration list for PBXNativeTarget "screenshot" */;
			buildPhases = (
				AE7846E2803BA1055B53CB98 /* [CP] Check Pods Manifest.lock */,
				E4139D3C1F09083B00E8A53B /* Sources */,
				E4139D3D1F09083B00E8A53B /* Frameworks */,
				E4139D3E1F09083B00E8A53B /* Resources */,
				38086E33D1327D16D87CDA61 /* [CP] Embed Pods Frameworks */,
				1FF8BB3D1907C42520066B16 /* [CP] Copy Pods Resources */,
			);
			buildRules = (
			);
			dependencies = (
			);
			name = screenshot;
			productName = screenshot;
			productReference = E4139D401F09083B00E8A53B /* screenshot.app */;
			productType = "com.apple.product-type.application";
		};
/* End PBXNativeTarget section */

/* Begin PBXProject section */
		E4139D381F09083B00E8A53B /* Project object */ = {
			isa = PBXProject;
			attributes = {
				LastUpgradeCheck = 0830;
				ORGANIZATIONNAME = crazeapp;
				TargetAttributes = {
					E4139D3F1F09083B00E8A53B = {
						CreatedOnToolsVersion = 8.3.1;
						DevelopmentTeam = ZWQ99C9M3P;
						ProvisioningStyle = Automatic;
						SystemCapabilities = {
							com.apple.BackgroundModes = {
								enabled = 1;
							};
						};
					};
				};
			};
			buildConfigurationList = E4139D3B1F09083B00E8A53B /* Build configuration list for PBXProject "screenshot" */;
			compatibilityVersion = "Xcode 3.2";
			developmentRegion = English;
			hasScannedForEncodings = 0;
			knownRegions = (
				en,
				Base,
			);
			mainGroup = E4139D371F09083B00E8A53B;
			productRefGroup = E4139D411F09083B00E8A53B /* Products */;
			projectDirPath = "";
			projectRoot = "";
			targets = (
				E4139D3F1F09083B00E8A53B /* screenshot */,
			);
		};
/* End PBXProject section */

/* Begin PBXResourcesBuildPhase section */
		E4139D3E1F09083B00E8A53B /* Resources */ = {
			isa = PBXResourcesBuildPhase;
			buildActionMask = 2147483647;
			files = (
				E4139D531F09083B00E8A53B /* LaunchScreen.storyboard in Resources */,
				E4139D501F09083B00E8A53B /* Assets.xcassets in Resources */,
				E4139D4E1F09083B00E8A53B /* Main.storyboard in Resources */,
			);
			runOnlyForDeploymentPostprocessing = 0;
		};
/* End PBXResourcesBuildPhase section */

/* Begin PBXShellScriptBuildPhase section */
		1FF8BB3D1907C42520066B16 /* [CP] Copy Pods Resources */ = {
			isa = PBXShellScriptBuildPhase;
			buildActionMask = 2147483647;
			files = (
			);
			inputPaths = (
			);
			name = "[CP] Copy Pods Resources";
			outputPaths = (
			);
			runOnlyForDeploymentPostprocessing = 0;
			shellPath = /bin/sh;
			shellScript = "\"${SRCROOT}/Pods/Target Support Files/Pods-screenshot/Pods-screenshot-resources.sh\"\n";
			showEnvVarsInLog = 0;
		};
		38086E33D1327D16D87CDA61 /* [CP] Embed Pods Frameworks */ = {
			isa = PBXShellScriptBuildPhase;
			buildActionMask = 2147483647;
			files = (
			);
			inputPaths = (
			);
			name = "[CP] Embed Pods Frameworks";
			outputPaths = (
			);
			runOnlyForDeploymentPostprocessing = 0;
			shellPath = /bin/sh;
			shellScript = "\"${SRCROOT}/Pods/Target Support Files/Pods-screenshot/Pods-screenshot-frameworks.sh\"\n";
			showEnvVarsInLog = 0;
		};
		AE7846E2803BA1055B53CB98 /* [CP] Check Pods Manifest.lock */ = {
			isa = PBXShellScriptBuildPhase;
			buildActionMask = 2147483647;
			files = (
			);
			inputPaths = (
				"${PODS_PODFILE_DIR_PATH}/Podfile.lock",
				"${PODS_ROOT}/Manifest.lock",
			);
			name = "[CP] Check Pods Manifest.lock";
			outputPaths = (
				"$(DERIVED_FILE_DIR)/Pods-screenshot-checkManifestLockResult.txt",
			);
			runOnlyForDeploymentPostprocessing = 0;
			shellPath = /bin/sh;
			shellScript = "diff \"${PODS_ROOT}/../Podfile.lock\" \"${PODS_ROOT}/Manifest.lock\" > /dev/null\nif [ $? != 0 ] ; then\n    # print error to STDERR\n    echo \"error: The sandbox is not in sync with the Podfile.lock. Run 'pod install' or update your CocoaPods installation.\" >&2\n    exit 1\nfi\n";
			showEnvVarsInLog = 0;
		};
/* End PBXShellScriptBuildPhase section */

/* Begin PBXSourcesBuildPhase section */
		E4139D3C1F09083B00E8A53B /* Sources */ = {
			isa = PBXSourcesBuildPhase;
			buildActionMask = 2147483647;
			files = (
				E4139D4B1F09083B00E8A53B /* ViewController.m in Sources */,
				C5278F861F398F800090E422 /* UIColor+Appearance.m in Sources */,
				C5278F6C1F3986B00090E422 /* FavoritesViewController.m in Sources */,
				E45AC7221F090C2300F82CE7 /* MatchModel.m in Sources */,
				C5278F7A1F3988590090E422 /* ScreenshotsNavigationController.m in Sources */,
				E4139D481F09083B00E8A53B /* AppDelegate.m in Sources */,
				E4139D451F09083B00E8A53B /* main.m in Sources */,
				C5278F771F39881B0090E422 /* MainTabBarController.m in Sources */,
				C5278F6F1F3986B00090E422 /* ShoppablesViewController.m in Sources */,
				E43583FA1F38771000A0A540 /* NetworkingModel.m in Sources */,
				C5278F7D1F398DCA0090E422 /* BaseViewController.m in Sources */,
				C5278F6D1F3986B00090E422 /* ScreenshotsViewController.m in Sources */,
				C5278F731F3986CD0090E422 /* ScreenshotCollectionViewCell.m in Sources */,
				C5278F6E1F3986B00090E422 /* SettingsViewController.m in Sources */,
			);
			runOnlyForDeploymentPostprocessing = 0;
		};
/* End PBXSourcesBuildPhase section */

/* Begin PBXVariantGroup section */
		E4139D4C1F09083B00E8A53B /* Main.storyboard */ = {
			isa = PBXVariantGroup;
			children = (
				E4139D4D1F09083B00E8A53B /* Base */,
			);
			name = Main.storyboard;
			sourceTree = "<group>";
		};
		E4139D511F09083B00E8A53B /* LaunchScreen.storyboard */ = {
			isa = PBXVariantGroup;
			children = (
				E4139D521F09083B00E8A53B /* Base */,
			);
			name = LaunchScreen.storyboard;
			sourceTree = "<group>";
		};
/* End PBXVariantGroup section */

/* Begin XCBuildConfiguration section */
		E4139D551F09083B00E8A53B /* Debug */ = {
			isa = XCBuildConfiguration;
			buildSettings = {
				ALWAYS_SEARCH_USER_PATHS = NO;
				CLANG_ANALYZER_NONNULL = YES;
				CLANG_ANALYZER_NUMBER_OBJECT_CONVERSION = YES_AGGRESSIVE;
				CLANG_CXX_LANGUAGE_STANDARD = "gnu++0x";
				CLANG_CXX_LIBRARY = "libc++";
				CLANG_ENABLE_MODULES = YES;
				CLANG_ENABLE_OBJC_ARC = YES;
				CLANG_WARN_BOOL_CONVERSION = YES;
				CLANG_WARN_CONSTANT_CONVERSION = YES;
				CLANG_WARN_DIRECT_OBJC_ISA_USAGE = YES_ERROR;
				CLANG_WARN_DOCUMENTATION_COMMENTS = YES;
				CLANG_WARN_EMPTY_BODY = YES;
				CLANG_WARN_ENUM_CONVERSION = YES;
				CLANG_WARN_INFINITE_RECURSION = YES;
				CLANG_WARN_INT_CONVERSION = YES;
				CLANG_WARN_OBJC_ROOT_CLASS = YES_ERROR;
				CLANG_WARN_SUSPICIOUS_MOVE = YES;
				CLANG_WARN_UNREACHABLE_CODE = YES;
				CLANG_WARN__DUPLICATE_METHOD_MATCH = YES;
				"CODE_SIGN_IDENTITY[sdk=iphoneos*]" = "iPhone Developer";
				COPY_PHASE_STRIP = NO;
				DEBUG_INFORMATION_FORMAT = dwarf;
				ENABLE_STRICT_OBJC_MSGSEND = YES;
				ENABLE_TESTABILITY = YES;
				GCC_C_LANGUAGE_STANDARD = gnu99;
				GCC_DYNAMIC_NO_PIC = NO;
				GCC_NO_COMMON_BLOCKS = YES;
				GCC_OPTIMIZATION_LEVEL = 0;
				GCC_PREPROCESSOR_DEFINITIONS = (
					"DEBUG=1",
					"$(inherited)",
				);
				GCC_WARN_64_TO_32_BIT_CONVERSION = YES;
				GCC_WARN_ABOUT_RETURN_TYPE = YES_ERROR;
				GCC_WARN_UNDECLARED_SELECTOR = YES;
				GCC_WARN_UNINITIALIZED_AUTOS = YES_AGGRESSIVE;
				GCC_WARN_UNUSED_FUNCTION = YES;
				GCC_WARN_UNUSED_VARIABLE = YES;
				IPHONEOS_DEPLOYMENT_TARGET = 10.3;
				MTL_ENABLE_DEBUG_INFO = YES;
				ONLY_ACTIVE_ARCH = YES;
				SDKROOT = iphoneos;
				TARGETED_DEVICE_FAMILY = "1,2";
			};
			name = Debug;
		};
		E4139D561F09083B00E8A53B /* Release */ = {
			isa = XCBuildConfiguration;
			buildSettings = {
				ALWAYS_SEARCH_USER_PATHS = NO;
				CLANG_ANALYZER_NONNULL = YES;
				CLANG_ANALYZER_NUMBER_OBJECT_CONVERSION = YES_AGGRESSIVE;
				CLANG_CXX_LANGUAGE_STANDARD = "gnu++0x";
				CLANG_CXX_LIBRARY = "libc++";
				CLANG_ENABLE_MODULES = YES;
				CLANG_ENABLE_OBJC_ARC = YES;
				CLANG_WARN_BOOL_CONVERSION = YES;
				CLANG_WARN_CONSTANT_CONVERSION = YES;
				CLANG_WARN_DIRECT_OBJC_ISA_USAGE = YES_ERROR;
				CLANG_WARN_DOCUMENTATION_COMMENTS = YES;
				CLANG_WARN_EMPTY_BODY = YES;
				CLANG_WARN_ENUM_CONVERSION = YES;
				CLANG_WARN_INFINITE_RECURSION = YES;
				CLANG_WARN_INT_CONVERSION = YES;
				CLANG_WARN_OBJC_ROOT_CLASS = YES_ERROR;
				CLANG_WARN_SUSPICIOUS_MOVE = YES;
				CLANG_WARN_UNREACHABLE_CODE = YES;
				CLANG_WARN__DUPLICATE_METHOD_MATCH = YES;
				"CODE_SIGN_IDENTITY[sdk=iphoneos*]" = "iPhone Developer";
				COPY_PHASE_STRIP = NO;
				DEBUG_INFORMATION_FORMAT = "dwarf-with-dsym";
				ENABLE_NS_ASSERTIONS = NO;
				ENABLE_STRICT_OBJC_MSGSEND = YES;
				GCC_C_LANGUAGE_STANDARD = gnu99;
				GCC_NO_COMMON_BLOCKS = YES;
				GCC_WARN_64_TO_32_BIT_CONVERSION = YES;
				GCC_WARN_ABOUT_RETURN_TYPE = YES_ERROR;
				GCC_WARN_UNDECLARED_SELECTOR = YES;
				GCC_WARN_UNINITIALIZED_AUTOS = YES_AGGRESSIVE;
				GCC_WARN_UNUSED_FUNCTION = YES;
				GCC_WARN_UNUSED_VARIABLE = YES;
				IPHONEOS_DEPLOYMENT_TARGET = 10.3;
				MTL_ENABLE_DEBUG_INFO = NO;
				SDKROOT = iphoneos;
				TARGETED_DEVICE_FAMILY = "1,2";
				VALIDATE_PRODUCT = YES;
			};
			name = Release;
		};
		E4139D581F09083B00E8A53B /* Debug */ = {
			isa = XCBuildConfiguration;
			baseConfigurationReference = A876FB250F1D7FE8A41B8A8F /* Pods-screenshot.debug.xcconfig */;
			buildSettings = {
				ASSETCATALOG_COMPILER_APPICON_NAME = AppIcon;
				CURRENT_PROJECT_VERSION = 3;
				DEVELOPMENT_TEAM = ZWQ99C9M3P;
				INFOPLIST_FILE = screenshot/Info.plist;
				LD_RUNPATH_SEARCH_PATHS = "$(inherited) @executable_path/Frameworks";
				PRODUCT_BUNDLE_IDENTIFIER = io.crazeapp.screenshot;
				PRODUCT_NAME = "$(TARGET_NAME)";
				TARGETED_DEVICE_FAMILY = 1;
				VERSIONING_SYSTEM = "Apple Generic";
			};
			name = Debug;
		};
		E4139D591F09083B00E8A53B /* Release */ = {
			isa = XCBuildConfiguration;
			baseConfigurationReference = DBD57DBE54ED8D9285AC2899 /* Pods-screenshot.release.xcconfig */;
			buildSettings = {
				ASSETCATALOG_COMPILER_APPICON_NAME = AppIcon;
				CURRENT_PROJECT_VERSION = 3;
				DEVELOPMENT_TEAM = ZWQ99C9M3P;
				INFOPLIST_FILE = screenshot/Info.plist;
				LD_RUNPATH_SEARCH_PATHS = "$(inherited) @executable_path/Frameworks";
				PRODUCT_BUNDLE_IDENTIFIER = io.crazeapp.screenshot;
				PRODUCT_NAME = "$(TARGET_NAME)";
				TARGETED_DEVICE_FAMILY = 1;
				VERSIONING_SYSTEM = "Apple Generic";
			};
			name = Release;
		};
/* End XCBuildConfiguration section */

/* Begin XCConfigurationList section */
		E4139D3B1F09083B00E8A53B /* Build configuration list for PBXProject "screenshot" */ = {
			isa = XCConfigurationList;
			buildConfigurations = (
				E4139D551F09083B00E8A53B /* Debug */,
				E4139D561F09083B00E8A53B /* Release */,
			);
			defaultConfigurationIsVisible = 0;
			defaultConfigurationName = Release;
		};
		E4139D571F09083B00E8A53B /* Build configuration list for PBXNativeTarget "screenshot" */ = {
			isa = XCConfigurationList;
			buildConfigurations = (
				E4139D581F09083B00E8A53B /* Debug */,
				E4139D591F09083B00E8A53B /* Release */,
			);
			defaultConfigurationIsVisible = 0;
			defaultConfigurationName = Release;
		};
/* End XCConfigurationList section */
	};
	rootObject = E4139D381F09083B00E8A53B /* Project object */;
}
