// !$*UTF8*$!
{
	archiveVersion = 1;
	classes = {
	};
	objectVersion = 46;
	objects = {

/* Begin PBXBuildFile section */
		523C11391F5C195D001BD969 /* RatingFlow.swift in Sources */ = {isa = PBXBuildFile; fileRef = 523C11381F5C195D001BD969 /* RatingFlow.swift */; };
		523CA4861F5EF93300873D78 /* UserDefaultsKeys.swift in Sources */ = {isa = PBXBuildFile; fileRef = 528D18691F5EEF8C00078223 /* UserDefaultsKeys.swift */; };
		524E4C651FC6CEB300C3C3E6 /* DiscoverDeepLinkHandler.swift in Sources */ = {isa = PBXBuildFile; fileRef = 524E4C641FC6CEB300C3C3E6 /* DiscoverDeepLinkHandler.swift */; };
		525691881FD5DD51008D728D /* UsageStreak.swift in Sources */ = {isa = PBXBuildFile; fileRef = 524DB5391FC6F69800BD408F /* UsageStreak.swift */; };
		5268B5261FE65E1800B7D257 /* ChangelogAlert.swift in Sources */ = {isa = PBXBuildFile; fileRef = 5268B5251FE65E1800B7D257 /* ChangelogAlert.swift */; };
		5273E3811F7ACE0300C832F8 /* Analytics.swift in Sources */ = {isa = PBXBuildFile; fileRef = 5273E3801F7ACE0300C832F8 /* Analytics.swift */; };
		527F174A1FA21CA6008082BC /* Craze_Video.mp4 in Resources */ = {isa = PBXBuildFile; fileRef = 527F17491FA21CA6008082BC /* Craze_Video.mp4 */; };
		529A36661FCC99B300BCA798 /* SilentPushSubscriptionManager.swift in Sources */ = {isa = PBXBuildFile; fileRef = 529A36651FCC99B300BCA798 /* SilentPushSubscriptionManager.swift */; };
		52E547441FE2487B00627D6D /* ScreenshotHelper.swift in Sources */ = {isa = PBXBuildFile; fileRef = 52E547431FE2487B00627D6D /* ScreenshotHelper.swift */; };
		52FA93911F6FF106000C7A71 /* UpdatePrompt.swift in Sources */ = {isa = PBXBuildFile; fileRef = 52FA93901F6FF106000C7A71 /* UpdatePrompt.swift */; };
		5BCAB697F3F2E7E51098066C /* Pods_screenshot.framework in Frameworks */ = {isa = PBXBuildFile; fileRef = 46992D2723222F954C7B60D7 /* Pods_screenshot.framework */; };
		C50D200E1FEBE6CD005CFA4F /* ScrollRevealController.swift in Sources */ = {isa = PBXBuildFile; fileRef = C50D200D1FEBE6CD005CFA4F /* ScrollRevealController.swift */; };
		C50EE2761FC40DCD002B4259 /* Hind 700.ttf in Resources */ = {isa = PBXBuildFile; fileRef = C50EE2751FC40DCC002B4259 /* Hind 700.ttf */; };
		C51D363F2010B66400943257 /* ProductsTooltipCollectionViewCell.swift in Sources */ = {isa = PBXBuildFile; fileRef = C51D363E2010B66400943257 /* ProductsTooltipCollectionViewCell.swift */; };
		C51ED5BA1FF39A0700AABD68 /* FavoritesNavigationController.swift in Sources */ = {isa = PBXBuildFile; fileRef = C51ED5B91FF39A0700AABD68 /* FavoritesNavigationController.swift */; };
		C51ED5BC1FF39BD800AABD68 /* FavoriteProductsViewController.swift in Sources */ = {isa = PBXBuildFile; fileRef = C51ED5BB1FF39BD800AABD68 /* FavoriteProductsViewController.swift */; };
		C51ED5BE1FF3A2AD00AABD68 /* FavoritesTableViewCell.swift in Sources */ = {isa = PBXBuildFile; fileRef = C51ED5BD1FF3A2AD00AABD68 /* FavoritesTableViewCell.swift */; };
		C5233F0B1F6FF05800F25C7C /* LifeCycleProtocol.swift in Sources */ = {isa = PBXBuildFile; fileRef = C5233F0A1F6FF05800F25C7C /* LifeCycleProtocol.swift */; };
		C5278FEB1F3C38510090E422 /* AssetSyncModel.swift in Sources */ = {isa = PBXBuildFile; fileRef = C5278FB91F3C38510090E422 /* AssetSyncModel.swift */; };
		C5278FEC1F3C38510090E422 /* DataModel.swift in Sources */ = {isa = PBXBuildFile; fileRef = C5278FBA1F3C38510090E422 /* DataModel.swift */; };
		C5278FEE1F3C38510090E422 /* Model.xcdatamodeld in Sources */ = {isa = PBXBuildFile; fileRef = C5278FBD1F3C38510090E422 /* Model.xcdatamodeld */; };
		C5278FEF1F3C38510090E422 /* NetworkingModel.m in Sources */ = {isa = PBXBuildFile; fileRef = C5278FC01F3C38510090E422 /* NetworkingModel.m */; };
		C537F39E2004A20E00287360 /* DiscoverScreenshotCollectionViewCell.swift in Sources */ = {isa = PBXBuildFile; fileRef = C537F39D2004A20E00287360 /* DiscoverScreenshotCollectionViewCell.swift */; };
		C53B15B11FDD1EF400658A78 /* FavoriteHeart.json in Resources */ = {isa = PBXBuildFile; fileRef = C53B15B01FDD1EF400658A78 /* FavoriteHeart.json */; };
		C53B15BA1FDD638C00658A78 /* Localizable.strings in Resources */ = {isa = PBXBuildFile; fileRef = C53B15BC1FDD638C00658A78 /* Localizable.strings */; };
		C53B15BE1FDE585B00658A78 /* LocalizeHelper.swift in Sources */ = {isa = PBXBuildFile; fileRef = C53B15BD1FDE585B00658A78 /* LocalizeHelper.swift */; };
		C53B462A1FB1A50F00A8C886 /* Intercom.swift in Sources */ = {isa = PBXBuildFile; fileRef = C53B46291FB1A50F00A8C886 /* Intercom.swift */; };
		C53B46511FBC396900A8C886 /* Appearance.swift in Sources */ = {isa = PBXBuildFile; fileRef = C53B46501FBC396900A8C886 /* Appearance.swift */; };
		C53B46531FBC397700A8C886 /* Geometry.swift in Sources */ = {isa = PBXBuildFile; fileRef = C53B46521FBC397700A8C886 /* Geometry.swift */; };
		C53B46561FBC39B400A8C886 /* AppSettings.swift in Sources */ = {isa = PBXBuildFile; fileRef = C53B46551FBC39B400A8C886 /* AppSettings.swift */; };
		C53B46581FBC3DFA00A8C886 /* NotificationCenterKeys.swift in Sources */ = {isa = PBXBuildFile; fileRef = C53B46571FBC3DFA00A8C886 /* NotificationCenterKeys.swift */; };
		C53B465E1FBC685D00A8C886 /* EnvironmentHelper.swift in Sources */ = {isa = PBXBuildFile; fileRef = C53B465D1FBC685D00A8C886 /* EnvironmentHelper.swift */; };
		C53EAF902019B68B000E4544 /* ProductWebViewController.swift in Sources */ = {isa = PBXBuildFile; fileRef = C53EAF8F2019B68B000E4544 /* ProductWebViewController.swift */; };
		C540880D1FE90C8E00198955 /* Loader.swift in Sources */ = {isa = PBXBuildFile; fileRef = C54087C21FE90C8D00198955 /* Loader.swift */; };
		C540880E1FE90C8E00198955 /* LoadingViewController.swift in Sources */ = {isa = PBXBuildFile; fileRef = C54087C31FE90C8D00198955 /* LoadingViewController.swift */; };
		C54088101FE90C8E00198955 /* SettingsViewController.swift in Sources */ = {isa = PBXBuildFile; fileRef = C54087C71FE90C8D00198955 /* SettingsViewController.swift */; };
		C54088111FE90C8E00198955 /* TutorialWelcomeSlideView.swift in Sources */ = {isa = PBXBuildFile; fileRef = C54087C91FE90C8D00198955 /* TutorialWelcomeSlideView.swift */; };
		C54088121FE90C8E00198955 /* TutorialEmailSlideView.swift in Sources */ = {isa = PBXBuildFile; fileRef = C54087CA1FE90C8D00198955 /* TutorialEmailSlideView.swift */; };
		C54088151FE90C8E00198955 /* TutorialViewController.swift in Sources */ = {isa = PBXBuildFile; fileRef = C54087CD1FE90C8D00198955 /* TutorialViewController.swift */; };
		C54088161FE90C8E00198955 /* TutorialVideoOverlayView.swift in Sources */ = {isa = PBXBuildFile; fileRef = C54087CE1FE90C8D00198955 /* TutorialVideoOverlayView.swift */; };
		C54088171FE90C8E00198955 /* TutorialTrySlideView.swift in Sources */ = {isa = PBXBuildFile; fileRef = C54087CF1FE90C8D00198955 /* TutorialTrySlideView.swift */; };
		C54088181FE90C8E00198955 /* TutorialVideoViewController.swift in Sources */ = {isa = PBXBuildFile; fileRef = C54087D01FE90C8D00198955 /* TutorialVideoViewController.swift */; };
		C540881A1FE90C8E00198955 /* WebView.swift in Sources */ = {isa = PBXBuildFile; fileRef = C54087D41FE90C8D00198955 /* WebView.swift */; };
		C540881B1FE90C8E00198955 /* ShoppableCollectionViewCell.swift in Sources */ = {isa = PBXBuildFile; fileRef = C54087D81FE90C8D00198955 /* ShoppableCollectionViewCell.swift */; };
		C540881C1FE90C8E00198955 /* ShoppablesToolbar.m in Sources */ = {isa = PBXBuildFile; fileRef = C54087D91FE90C8D00198955 /* ShoppablesToolbar.m */; };
		C540881D1FE90C8E00198955 /* CurrencyViewController.swift in Sources */ = {isa = PBXBuildFile; fileRef = C54087DB1FE90C8D00198955 /* CurrencyViewController.swift */; };
		C540881E1FE90C8E00198955 /* InviteViewController.swift in Sources */ = {isa = PBXBuildFile; fileRef = C54087DD1FE90C8D00198955 /* InviteViewController.swift */; };
		C540881F1FE90C8E00198955 /* PickerCollectionViewCell.swift in Sources */ = {isa = PBXBuildFile; fileRef = C54087DF1FE90C8D00198955 /* PickerCollectionViewCell.swift */; };
		C54088201FE90C8E00198955 /* ScreenshotPickerViewController.swift in Sources */ = {isa = PBXBuildFile; fileRef = C54087E01FE90C8D00198955 /* ScreenshotPickerViewController.swift */; };
		C54088211FE90C8E00198955 /* MainTabBarController.m in Sources */ = {isa = PBXBuildFile; fileRef = C54087E21FE90C8D00198955 /* MainTabBarController.m */; };
		C54088231FE90C8E00198955 /* ScreenshotDisplayViewController.m in Sources */ = {isa = PBXBuildFile; fileRef = C54087E81FE90C8D00198955 /* ScreenshotDisplayViewController.m */; };
		C54088251FE90C8E00198955 /* ProductsViewController.m in Sources */ = {isa = PBXBuildFile; fileRef = C54087ED1FE90C8E00198955 /* ProductsViewController.m */; };
		C54088261FE90C8E00198955 /* ProductsOptions.swift in Sources */ = {isa = PBXBuildFile; fileRef = C54087EE1FE90C8E00198955 /* ProductsOptions.swift */; };
		C54088271FE90C8E00198955 /* ProductCollectionViewCell.m in Sources */ = {isa = PBXBuildFile; fileRef = C54087F11FE90C8E00198955 /* ProductCollectionViewCell.m */; };
		C54088281FE90C8E00198955 /* ProductsRateView.swift in Sources */ = {isa = PBXBuildFile; fileRef = C54087F21FE90C8E00198955 /* ProductsRateView.swift */; };
		C54088291FE90C8E00198955 /* FavoritesViewController.swift in Sources */ = {isa = PBXBuildFile; fileRef = C54087F41FE90C8E00198955 /* FavoritesViewController.swift */; };
		C540882A1FE90C8E00198955 /* FavoriteButton.swift in Sources */ = {isa = PBXBuildFile; fileRef = C54087F51FE90C8E00198955 /* FavoriteButton.swift */; };
		C540882B1FE90C8E00198955 /* DiscoverWebViewController.swift in Sources */ = {isa = PBXBuildFile; fileRef = C54087F71FE90C8E00198955 /* DiscoverWebViewController.swift */; };
		C54088361FE90C8E00198955 /* ScreenshotCollectionViewCell.swift in Sources */ = {isa = PBXBuildFile; fileRef = C54088081FE90C8E00198955 /* ScreenshotCollectionViewCell.swift */; };
		C54088371FE90C8E00198955 /* ScreenshotNotificationCollectionViewCell.swift in Sources */ = {isa = PBXBuildFile; fileRef = C54088091FE90C8E00198955 /* ScreenshotNotificationCollectionViewCell.swift */; };
		C54088381FE90C8E00198955 /* ScreenshotsNavigationController.m in Sources */ = {isa = PBXBuildFile; fileRef = C540880A1FE90C8E00198955 /* ScreenshotsNavigationController.m */; };
		C54088391FE90C8E00198955 /* ScreenshotsViewController.m in Sources */ = {isa = PBXBuildFile; fileRef = C540880B1FE90C8E00198955 /* ScreenshotsViewController.m */; };
		C540883A1FE90C8E00198955 /* ScreenshotsHelperView.swift in Sources */ = {isa = PBXBuildFile; fileRef = C540880C1FE90C8E00198955 /* ScreenshotsHelperView.swift */; };
		C54088511FE90E2200198955 /* NotifyChangeView.swift in Sources */ = {isa = PBXBuildFile; fileRef = C540883E1FE90E2100198955 /* NotifyChangeView.swift */; };
		C54088521FE90E2200198955 /* BaseViewController.m in Sources */ = {isa = PBXBuildFile; fileRef = C540883F1FE90E2200198955 /* BaseViewController.m */; };
		C54088541FE90E2200198955 /* TextFieldTableViewCell.swift in Sources */ = {isa = PBXBuildFile; fileRef = C54088451FE90E2200198955 /* TextFieldTableViewCell.swift */; };
		C54088551FE90E2200198955 /* ClipView.swift in Sources */ = {isa = PBXBuildFile; fileRef = C54088461FE90E2200198955 /* ClipView.swift */; };
		C54088561FE90E2200198955 /* ImageCollectionViewCell.swift in Sources */ = {isa = PBXBuildFile; fileRef = C54088481FE90E2200198955 /* ImageCollectionViewCell.swift */; };
		C54088571FE90E2200198955 /* ShadowCollectionViewCell.swift in Sources */ = {isa = PBXBuildFile; fileRef = C54088491FE90E2200198955 /* ShadowCollectionViewCell.swift */; };
		C54088591FE90E2200198955 /* MainButton.swift in Sources */ = {isa = PBXBuildFile; fileRef = C540884E1FE90E2200198955 /* MainButton.swift */; };
		C540885A1FE90E2200198955 /* FloatingActionButton.swift in Sources */ = {isa = PBXBuildFile; fileRef = C540884F1FE90E2200198955 /* FloatingActionButton.swift */; };
		C540885B1FE90E2200198955 /* HelperView.swift in Sources */ = {isa = PBXBuildFile; fileRef = C54088501FE90E2200198955 /* HelperView.swift */; };
		C548D4EB20022E26003364E9 /* DiscoverScreenshotViewController.swift in Sources */ = {isa = PBXBuildFile; fileRef = C548D4EA20022E26003364E9 /* DiscoverScreenshotViewController.swift */; };
		C553563C1F8369DF00849E64 /* DeviceHelper.swift in Sources */ = {isa = PBXBuildFile; fileRef = C553563B1F8369DE00849E64 /* DeviceHelper.swift */; };
		C565333B2019D81C00F022D4 /* ProductViewController.swift in Sources */ = {isa = PBXBuildFile; fileRef = C565333A2019D81C00F022D4 /* ProductViewController.swift */; };
		C56F889C1FE9478D0006914C /* TappableTextView.swift in Sources */ = {isa = PBXBuildFile; fileRef = C56F889B1FE9478D0006914C /* TappableTextView.swift */; };
		C56F889F1FE949330006914C /* BarButtonItem.swift in Sources */ = {isa = PBXBuildFile; fileRef = C56F889E1FE949320006914C /* BarButtonItem.swift */; };
		C56F88A21FE949720006914C /* TappableText.swift in Sources */ = {isa = PBXBuildFile; fileRef = C56F88A11FE949720006914C /* TappableText.swift */; };
		C5709E451FC57B4500AB2D04 /* EnumProtocol.swift in Sources */ = {isa = PBXBuildFile; fileRef = C5709E441FC57B4500AB2D04 /* EnumProtocol.swift */; };
		C57B2EC61FA757DB00AF0205 /* GoogleService-Info.plist in Resources */ = {isa = PBXBuildFile; fileRef = C57B2EC51FA757DB00AF0205 /* GoogleService-Info.plist */; };
		C5847EF81F7A53F60024DCAB /* CredentialHelper.swift in Sources */ = {isa = PBXBuildFile; fileRef = C5847EF71F7A53F60024DCAB /* CredentialHelper.swift */; };
		C59A30481F655F1C00463338 /* ShoppablesController.swift in Sources */ = {isa = PBXBuildFile; fileRef = C59A30471F655F1C00463338 /* ShoppablesController.swift */; };
		C5A6F1D81FF3C973001DCDD0 /* Screenshot.swift in Sources */ = {isa = PBXBuildFile; fileRef = C5A6F1D71FF3C973001DCDD0 /* Screenshot.swift */; };
		C5A96668201DC83A00ABE4D7 /* DropDownButton.swift in Sources */ = {isa = PBXBuildFile; fileRef = C5A96667201DC83A00ABE4D7 /* DropDownButton.swift */; };
		C5A9666A201F023300ABE4D7 /* SegmentedDropDownButton.swift in Sources */ = {isa = PBXBuildFile; fileRef = C5A96669201F023300ABE4D7 /* SegmentedDropDownButton.swift */; };
		C5AAE78B1FEA38AA00BCFF78 /* WebViewController.swift in Sources */ = {isa = PBXBuildFile; fileRef = C5AAE78A1FEA38AA00BCFF78 /* WebViewController.swift */; };
		C5AC7E651FFA2D2600F491C0 /* Size.swift in Sources */ = {isa = PBXBuildFile; fileRef = C5AC7E641FFA2D2600F491C0 /* Size.swift */; };
		C5AC7E671FFA363700F491C0 /* EmbossedView.swift in Sources */ = {isa = PBXBuildFile; fileRef = C5AC7E661FFA363500F491C0 /* EmbossedView.swift */; };
		C5BE7C1F20186309000DB8A0 /* DiscoverNavigationController.swift in Sources */ = {isa = PBXBuildFile; fileRef = C5BE7C1E20186309000DB8A0 /* DiscoverNavigationController.swift */; };
		C5CAF27A1FCC0EFD006F37DC /* ISO4217.plist in Resources */ = {isa = PBXBuildFile; fileRef = C5CAF2791FCC0EFD006F37DC /* ISO4217.plist */; };
		C5CAF27C1FCC14C1006F37DC /* CurrencyModel.swift in Sources */ = {isa = PBXBuildFile; fileRef = C5CAF27B1FCC14C1006F37DC /* CurrencyModel.swift */; };
		C5CC3E391F94A85900DA3425 /* NetworkingIndicatorProtocol.swift in Sources */ = {isa = PBXBuildFile; fileRef = C5CC3E381F94A85900DA3425 /* NetworkingIndicatorProtocol.swift */; };
		C5D98CCC1FFA642300CC1A97 /* GameScene.sks in Resources */ = {isa = PBXBuildFile; fileRef = C5D98CCA1FFA642300CC1A97 /* GameScene.sks */; };
		C5D98CCD1FFA642300CC1A97 /* GameScene.swift in Sources */ = {isa = PBXBuildFile; fileRef = C5D98CCB1FFA642300CC1A97 /* GameScene.swift */; };
		C5D98CCF1FFB65A700CC1A97 /* FavoriteBadgeView.swift in Sources */ = {isa = PBXBuildFile; fileRef = C5D98CCE1FFB65A700CC1A97 /* FavoriteBadgeView.swift */; };
		C5D98CD71FFCAF2700CC1A97 /* ScreenshotDisplayNavigationController.swift in Sources */ = {isa = PBXBuildFile; fileRef = C5D98CD61FFCAF2700CC1A97 /* ScreenshotDisplayNavigationController.swift */; };
		C5DDC0DC2015C6D900B009BF /* AttributedString.swift in Sources */ = {isa = PBXBuildFile; fileRef = C5DDC0DB2015C6D900B009BF /* AttributedString.swift */; };
		C5F53D8E2014A592003A57EC /* LegalViewControllerFactory.swift in Sources */ = {isa = PBXBuildFile; fileRef = C5F53D8D2014A592003A57EC /* LegalViewControllerFactory.swift */; };
		C5F73C9E1FE244C800E49F2B /* Permissions.swift in Sources */ = {isa = PBXBuildFile; fileRef = C5F73C9D1FE244C800E49F2B /* Permissions.swift */; };
		C5F8D63D1FA05AE40067C26A /* Notification.swift in Sources */ = {isa = PBXBuildFile; fileRef = C5F8D63C1FA05AE40067C26A /* Notification.swift */; };
		C5F8D63F1FA0DF420067C26A /* TapticHelper.swift in Sources */ = {isa = PBXBuildFile; fileRef = C5F8D63E1FA0DF420067C26A /* TapticHelper.swift */; };
		C5FF413E200B817400342DEC /* DiscoverScreenshotCollectionViewLayout.swift in Sources */ = {isa = PBXBuildFile; fileRef = C5FF413D200B817400342DEC /* DiscoverScreenshotCollectionViewLayout.swift */; };
		C5FF4140200BA23900342DEC /* DiscoverScreenshotHelperView.swift in Sources */ = {isa = PBXBuildFile; fileRef = C5FF413F200BA23900342DEC /* DiscoverScreenshotHelperView.swift */; };
		C5FF4142200F299D00342DEC /* TutorialSlideView.swift in Sources */ = {isa = PBXBuildFile; fileRef = C5FF4141200F299D00342DEC /* TutorialSlideView.swift */; };
		E4139D501F09083B00E8A53B /* Assets.xcassets in Resources */ = {isa = PBXBuildFile; fileRef = E4139D4F1F09083B00E8A53B /* Assets.xcassets */; };
		E4144A001F41890900B1F039 /* ClarifaiModel.swift in Sources */ = {isa = PBXBuildFile; fileRef = E41449FF1F41890900B1F039 /* ClarifaiModel.swift */; };
		E42AC3911F5FD6B70035A07C /* ScreenshotActivityItemProvider.swift in Sources */ = {isa = PBXBuildFile; fileRef = E42AC3901F5FD6B70035A07C /* ScreenshotActivityItemProvider.swift */; };
		E44CA6FC1F41E608001CB493 /* NetworkingPromise.swift in Sources */ = {isa = PBXBuildFile; fileRef = E44CA6FB1F41E608001CB493 /* NetworkingPromise.swift */; };
		E492CE3D2011051100060FB2 /* MatchstickModel.swift in Sources */ = {isa = PBXBuildFile; fileRef = E492CE3C2011051100060FB2 /* MatchstickModel.swift */; };
		E4978C3C1F53610F0008B87F /* Constants.swift in Sources */ = {isa = PBXBuildFile; fileRef = E4978C3B1F53610F0008B87F /* Constants.swift */; };
		E4A671631FA88AAA00250410 /* ScreenshotDetectionProtocol.swift in Sources */ = {isa = PBXBuildFile; fileRef = E4A671621FA88AAA00250410 /* ScreenshotDetectionProtocol.swift */; };
		E4CD8E691FA9E81B006F2CDA /* ApplicationStateModel.swift in Sources */ = {isa = PBXBuildFile; fileRef = E4CD8E681FA9E81B006F2CDA /* ApplicationStateModel.swift */; };
		E4D644311F66D0FE00F5AA48 /* AppDelegate.swift in Sources */ = {isa = PBXBuildFile; fileRef = E4D644301F66D0FE00F5AA48 /* AppDelegate.swift */; };
		E4DB2B7C1F7E1D4600320BE5 /* LaunchScreen.storyboard in Resources */ = {isa = PBXBuildFile; fileRef = E4DB2B7B1F7E1D4600320BE5 /* LaunchScreen.storyboard */; };
/* End PBXBuildFile section */

/* Begin PBXFileReference section */
		3F0C1FB8EA3C6E2B9CFD91FD /* Pods-screenshot.prddebug.xcconfig */ = {isa = PBXFileReference; includeInIndex = 1; lastKnownFileType = text.xcconfig; name = "Pods-screenshot.prddebug.xcconfig"; path = "Pods/Target Support Files/Pods-screenshot/Pods-screenshot.prddebug.xcconfig"; sourceTree = "<group>"; };
		3F5EF5527B5ECCDCEAB24BDD /* Pods-screenshot.prdrelease.xcconfig */ = {isa = PBXFileReference; includeInIndex = 1; lastKnownFileType = text.xcconfig; name = "Pods-screenshot.prdrelease.xcconfig"; path = "Pods/Target Support Files/Pods-screenshot/Pods-screenshot.prdrelease.xcconfig"; sourceTree = "<group>"; };
		46992D2723222F954C7B60D7 /* Pods_screenshot.framework */ = {isa = PBXFileReference; explicitFileType = wrapper.framework; includeInIndex = 0; path = Pods_screenshot.framework; sourceTree = BUILT_PRODUCTS_DIR; };
		523C11381F5C195D001BD969 /* RatingFlow.swift */ = {isa = PBXFileReference; fileEncoding = 4; lastKnownFileType = sourcecode.swift; path = RatingFlow.swift; sourceTree = "<group>"; };
		524DB5391FC6F69800BD408F /* UsageStreak.swift */ = {isa = PBXFileReference; lastKnownFileType = sourcecode.swift; path = UsageStreak.swift; sourceTree = "<group>"; };
		524E4C641FC6CEB300C3C3E6 /* DiscoverDeepLinkHandler.swift */ = {isa = PBXFileReference; lastKnownFileType = sourcecode.swift; path = DiscoverDeepLinkHandler.swift; sourceTree = "<group>"; };
		5268B5251FE65E1800B7D257 /* ChangelogAlert.swift */ = {isa = PBXFileReference; lastKnownFileType = sourcecode.swift; path = ChangelogAlert.swift; sourceTree = "<group>"; };
		5273E3801F7ACE0300C832F8 /* Analytics.swift */ = {isa = PBXFileReference; lastKnownFileType = sourcecode.swift; path = Analytics.swift; sourceTree = "<group>"; };
		527F17491FA21CA6008082BC /* Craze_Video.mp4 */ = {isa = PBXFileReference; lastKnownFileType = file; path = Craze_Video.mp4; sourceTree = "<group>"; };
		528D18691F5EEF8C00078223 /* UserDefaultsKeys.swift */ = {isa = PBXFileReference; fileEncoding = 4; lastKnownFileType = sourcecode.swift; path = UserDefaultsKeys.swift; sourceTree = "<group>"; };
		529A36651FCC99B300BCA798 /* SilentPushSubscriptionManager.swift */ = {isa = PBXFileReference; lastKnownFileType = sourcecode.swift; path = SilentPushSubscriptionManager.swift; sourceTree = "<group>"; };
		52E547431FE2487B00627D6D /* ScreenshotHelper.swift */ = {isa = PBXFileReference; lastKnownFileType = sourcecode.swift; path = ScreenshotHelper.swift; sourceTree = "<group>"; };
		52FA93901F6FF106000C7A71 /* UpdatePrompt.swift */ = {isa = PBXFileReference; lastKnownFileType = sourcecode.swift; path = UpdatePrompt.swift; sourceTree = "<group>"; };
		8E165CE332F45A2FD8C55A92 /* Pods-screenshot.devdebug.xcconfig */ = {isa = PBXFileReference; includeInIndex = 1; lastKnownFileType = text.xcconfig; name = "Pods-screenshot.devdebug.xcconfig"; path = "Pods/Target Support Files/Pods-screenshot/Pods-screenshot.devdebug.xcconfig"; sourceTree = "<group>"; };
		C50D200D1FEBE6CD005CFA4F /* ScrollRevealController.swift */ = {isa = PBXFileReference; lastKnownFileType = sourcecode.swift; name = ScrollRevealController.swift; path = screenshot/View/Generic/ScrollRevealController.swift; sourceTree = SOURCE_ROOT; };
		C50EE2751FC40DCC002B4259 /* Hind 700.ttf */ = {isa = PBXFileReference; lastKnownFileType = file; path = "Hind 700.ttf"; sourceTree = "<group>"; };
		C51D363E2010B66400943257 /* ProductsTooltipCollectionViewCell.swift */ = {isa = PBXFileReference; lastKnownFileType = sourcecode.swift; path = ProductsTooltipCollectionViewCell.swift; sourceTree = "<group>"; };
		C51ED5B91FF39A0700AABD68 /* FavoritesNavigationController.swift */ = {isa = PBXFileReference; lastKnownFileType = sourcecode.swift; path = FavoritesNavigationController.swift; sourceTree = "<group>"; };
		C51ED5BB1FF39BD800AABD68 /* FavoriteProductsViewController.swift */ = {isa = PBXFileReference; lastKnownFileType = sourcecode.swift; path = FavoriteProductsViewController.swift; sourceTree = "<group>"; };
		C51ED5BD1FF3A2AD00AABD68 /* FavoritesTableViewCell.swift */ = {isa = PBXFileReference; lastKnownFileType = sourcecode.swift; path = FavoritesTableViewCell.swift; sourceTree = "<group>"; };
		C5233F0A1F6FF05800F25C7C /* LifeCycleProtocol.swift */ = {isa = PBXFileReference; lastKnownFileType = sourcecode.swift; path = LifeCycleProtocol.swift; sourceTree = "<group>"; };
		C5278FB91F3C38510090E422 /* AssetSyncModel.swift */ = {isa = PBXFileReference; fileEncoding = 4; lastKnownFileType = sourcecode.swift; path = AssetSyncModel.swift; sourceTree = "<group>"; };
		C5278FBA1F3C38510090E422 /* DataModel.swift */ = {isa = PBXFileReference; fileEncoding = 4; lastKnownFileType = sourcecode.swift; path = DataModel.swift; sourceTree = "<group>"; };
		C5278FBE1F3C38510090E422 /* Model.xcdatamodel */ = {isa = PBXFileReference; lastKnownFileType = wrapper.xcdatamodel; path = Model.xcdatamodel; sourceTree = "<group>"; };
		C5278FBF1F3C38510090E422 /* NetworkingModel.h */ = {isa = PBXFileReference; fileEncoding = 4; lastKnownFileType = sourcecode.c.h; path = NetworkingModel.h; sourceTree = "<group>"; };
		C5278FC01F3C38510090E422 /* NetworkingModel.m */ = {isa = PBXFileReference; fileEncoding = 4; lastKnownFileType = sourcecode.c.objc; path = NetworkingModel.m; sourceTree = "<group>"; };
		C537F39D2004A20E00287360 /* DiscoverScreenshotCollectionViewCell.swift */ = {isa = PBXFileReference; lastKnownFileType = sourcecode.swift; path = DiscoverScreenshotCollectionViewCell.swift; sourceTree = "<group>"; };
		C53B15B01FDD1EF400658A78 /* FavoriteHeart.json */ = {isa = PBXFileReference; fileEncoding = 4; lastKnownFileType = text.json; path = FavoriteHeart.json; sourceTree = "<group>"; };
		C53B15BB1FDD638C00658A78 /* en */ = {isa = PBXFileReference; lastKnownFileType = text.plist.strings; name = en; path = en.lproj/Localizable.strings; sourceTree = "<group>"; };
		C53B15BD1FDE585B00658A78 /* LocalizeHelper.swift */ = {isa = PBXFileReference; lastKnownFileType = sourcecode.swift; path = LocalizeHelper.swift; sourceTree = "<group>"; };
		C53B46291FB1A50F00A8C886 /* Intercom.swift */ = {isa = PBXFileReference; fileEncoding = 4; lastKnownFileType = sourcecode.swift; path = Intercom.swift; sourceTree = "<group>"; };
		C53B46501FBC396900A8C886 /* Appearance.swift */ = {isa = PBXFileReference; fileEncoding = 4; lastKnownFileType = sourcecode.swift; path = Appearance.swift; sourceTree = "<group>"; };
		C53B46521FBC397700A8C886 /* Geometry.swift */ = {isa = PBXFileReference; fileEncoding = 4; lastKnownFileType = sourcecode.swift; path = Geometry.swift; sourceTree = "<group>"; };
		C53B46551FBC39B400A8C886 /* AppSettings.swift */ = {isa = PBXFileReference; lastKnownFileType = sourcecode.swift; path = AppSettings.swift; sourceTree = "<group>"; };
		C53B46571FBC3DFA00A8C886 /* NotificationCenterKeys.swift */ = {isa = PBXFileReference; lastKnownFileType = sourcecode.swift; path = NotificationCenterKeys.swift; sourceTree = "<group>"; };
		C53B465D1FBC685D00A8C886 /* EnvironmentHelper.swift */ = {isa = PBXFileReference; lastKnownFileType = sourcecode.swift; path = EnvironmentHelper.swift; sourceTree = "<group>"; };
		C53EAF8F2019B68B000E4544 /* ProductWebViewController.swift */ = {isa = PBXFileReference; lastKnownFileType = sourcecode.swift; path = ProductWebViewController.swift; sourceTree = "<group>"; };
		C54087C21FE90C8D00198955 /* Loader.swift */ = {isa = PBXFileReference; fileEncoding = 4; lastKnownFileType = sourcecode.swift; path = Loader.swift; sourceTree = "<group>"; };
		C54087C31FE90C8D00198955 /* LoadingViewController.swift */ = {isa = PBXFileReference; fileEncoding = 4; lastKnownFileType = sourcecode.swift; path = LoadingViewController.swift; sourceTree = "<group>"; };
		C54087C71FE90C8D00198955 /* SettingsViewController.swift */ = {isa = PBXFileReference; fileEncoding = 4; lastKnownFileType = sourcecode.swift; path = SettingsViewController.swift; sourceTree = "<group>"; };
		C54087C91FE90C8D00198955 /* TutorialWelcomeSlideView.swift */ = {isa = PBXFileReference; fileEncoding = 4; lastKnownFileType = sourcecode.swift; path = TutorialWelcomeSlideView.swift; sourceTree = "<group>"; };
		C54087CA1FE90C8D00198955 /* TutorialEmailSlideView.swift */ = {isa = PBXFileReference; fileEncoding = 4; lastKnownFileType = sourcecode.swift; path = TutorialEmailSlideView.swift; sourceTree = "<group>"; };
		C54087CD1FE90C8D00198955 /* TutorialViewController.swift */ = {isa = PBXFileReference; fileEncoding = 4; lastKnownFileType = sourcecode.swift; path = TutorialViewController.swift; sourceTree = "<group>"; };
		C54087CE1FE90C8D00198955 /* TutorialVideoOverlayView.swift */ = {isa = PBXFileReference; fileEncoding = 4; lastKnownFileType = sourcecode.swift; path = TutorialVideoOverlayView.swift; sourceTree = "<group>"; };
		C54087CF1FE90C8D00198955 /* TutorialTrySlideView.swift */ = {isa = PBXFileReference; fileEncoding = 4; lastKnownFileType = sourcecode.swift; path = TutorialTrySlideView.swift; sourceTree = "<group>"; };
		C54087D01FE90C8D00198955 /* TutorialVideoViewController.swift */ = {isa = PBXFileReference; fileEncoding = 4; lastKnownFileType = sourcecode.swift; path = TutorialVideoViewController.swift; sourceTree = "<group>"; };
		C54087D41FE90C8D00198955 /* WebView.swift */ = {isa = PBXFileReference; fileEncoding = 4; lastKnownFileType = sourcecode.swift; path = WebView.swift; sourceTree = "<group>"; };
		C54087D71FE90C8D00198955 /* ShoppablesToolbar.h */ = {isa = PBXFileReference; fileEncoding = 4; lastKnownFileType = sourcecode.c.h; path = ShoppablesToolbar.h; sourceTree = "<group>"; };
		C54087D81FE90C8D00198955 /* ShoppableCollectionViewCell.swift */ = {isa = PBXFileReference; fileEncoding = 4; lastKnownFileType = sourcecode.swift; path = ShoppableCollectionViewCell.swift; sourceTree = "<group>"; };
		C54087D91FE90C8D00198955 /* ShoppablesToolbar.m */ = {isa = PBXFileReference; fileEncoding = 4; lastKnownFileType = sourcecode.c.objc; path = ShoppablesToolbar.m; sourceTree = "<group>"; };
		C54087DB1FE90C8D00198955 /* CurrencyViewController.swift */ = {isa = PBXFileReference; fileEncoding = 4; lastKnownFileType = sourcecode.swift; path = CurrencyViewController.swift; sourceTree = "<group>"; };
		C54087DD1FE90C8D00198955 /* InviteViewController.swift */ = {isa = PBXFileReference; fileEncoding = 4; lastKnownFileType = sourcecode.swift; path = InviteViewController.swift; sourceTree = "<group>"; };
		C54087DF1FE90C8D00198955 /* PickerCollectionViewCell.swift */ = {isa = PBXFileReference; fileEncoding = 4; lastKnownFileType = sourcecode.swift; path = PickerCollectionViewCell.swift; sourceTree = "<group>"; };
		C54087E01FE90C8D00198955 /* ScreenshotPickerViewController.swift */ = {isa = PBXFileReference; fileEncoding = 4; lastKnownFileType = sourcecode.swift; path = ScreenshotPickerViewController.swift; sourceTree = "<group>"; };
		C54087E21FE90C8D00198955 /* MainTabBarController.m */ = {isa = PBXFileReference; fileEncoding = 4; lastKnownFileType = sourcecode.c.objc; path = MainTabBarController.m; sourceTree = "<group>"; };
		C54087E31FE90C8D00198955 /* MainTabBarController.h */ = {isa = PBXFileReference; fileEncoding = 4; lastKnownFileType = sourcecode.c.h; path = MainTabBarController.h; sourceTree = "<group>"; };
		C54087E81FE90C8D00198955 /* ScreenshotDisplayViewController.m */ = {isa = PBXFileReference; fileEncoding = 4; lastKnownFileType = sourcecode.c.objc; path = ScreenshotDisplayViewController.m; sourceTree = "<group>"; };
		C54087EB1FE90C8D00198955 /* ScreenshotDisplayViewController.h */ = {isa = PBXFileReference; fileEncoding = 4; lastKnownFileType = sourcecode.c.h; path = ScreenshotDisplayViewController.h; sourceTree = "<group>"; };
		C54087ED1FE90C8E00198955 /* ProductsViewController.m */ = {isa = PBXFileReference; fileEncoding = 4; lastKnownFileType = sourcecode.c.objc; path = ProductsViewController.m; sourceTree = "<group>"; };
		C54087EE1FE90C8E00198955 /* ProductsOptions.swift */ = {isa = PBXFileReference; fileEncoding = 4; lastKnownFileType = sourcecode.swift; path = ProductsOptions.swift; sourceTree = "<group>"; };
		C54087EF1FE90C8E00198955 /* ProductCollectionViewCell.h */ = {isa = PBXFileReference; fileEncoding = 4; lastKnownFileType = sourcecode.c.h; path = ProductCollectionViewCell.h; sourceTree = "<group>"; };
		C54087F01FE90C8E00198955 /* ProductsViewController.h */ = {isa = PBXFileReference; fileEncoding = 4; lastKnownFileType = sourcecode.c.h; path = ProductsViewController.h; sourceTree = "<group>"; };
		C54087F11FE90C8E00198955 /* ProductCollectionViewCell.m */ = {isa = PBXFileReference; fileEncoding = 4; lastKnownFileType = sourcecode.c.objc; path = ProductCollectionViewCell.m; sourceTree = "<group>"; };
		C54087F21FE90C8E00198955 /* ProductsRateView.swift */ = {isa = PBXFileReference; fileEncoding = 4; lastKnownFileType = sourcecode.swift; path = ProductsRateView.swift; sourceTree = "<group>"; };
		C54087F41FE90C8E00198955 /* FavoritesViewController.swift */ = {isa = PBXFileReference; fileEncoding = 4; lastKnownFileType = sourcecode.swift; path = FavoritesViewController.swift; sourceTree = "<group>"; };
		C54087F51FE90C8E00198955 /* FavoriteButton.swift */ = {isa = PBXFileReference; fileEncoding = 4; lastKnownFileType = sourcecode.swift; path = FavoriteButton.swift; sourceTree = "<group>"; };
		C54087F71FE90C8E00198955 /* DiscoverWebViewController.swift */ = {isa = PBXFileReference; fileEncoding = 4; lastKnownFileType = sourcecode.swift; path = DiscoverWebViewController.swift; sourceTree = "<group>"; };
		C54088061FE90C8E00198955 /* ScreenshotsNavigationController.h */ = {isa = PBXFileReference; fileEncoding = 4; lastKnownFileType = sourcecode.c.h; path = ScreenshotsNavigationController.h; sourceTree = "<group>"; };
		C54088071FE90C8E00198955 /* ScreenshotsViewController.h */ = {isa = PBXFileReference; fileEncoding = 4; lastKnownFileType = sourcecode.c.h; path = ScreenshotsViewController.h; sourceTree = "<group>"; };
		C54088081FE90C8E00198955 /* ScreenshotCollectionViewCell.swift */ = {isa = PBXFileReference; fileEncoding = 4; lastKnownFileType = sourcecode.swift; path = ScreenshotCollectionViewCell.swift; sourceTree = "<group>"; };
		C54088091FE90C8E00198955 /* ScreenshotNotificationCollectionViewCell.swift */ = {isa = PBXFileReference; fileEncoding = 4; lastKnownFileType = sourcecode.swift; path = ScreenshotNotificationCollectionViewCell.swift; sourceTree = "<group>"; };
		C540880A1FE90C8E00198955 /* ScreenshotsNavigationController.m */ = {isa = PBXFileReference; fileEncoding = 4; lastKnownFileType = sourcecode.c.objc; path = ScreenshotsNavigationController.m; sourceTree = "<group>"; };
		C540880B1FE90C8E00198955 /* ScreenshotsViewController.m */ = {isa = PBXFileReference; fileEncoding = 4; lastKnownFileType = sourcecode.c.objc; path = ScreenshotsViewController.m; sourceTree = "<group>"; };
		C540880C1FE90C8E00198955 /* ScreenshotsHelperView.swift */ = {isa = PBXFileReference; fileEncoding = 4; lastKnownFileType = sourcecode.swift; path = ScreenshotsHelperView.swift; sourceTree = "<group>"; };
		C540883E1FE90E2100198955 /* NotifyChangeView.swift */ = {isa = PBXFileReference; fileEncoding = 4; lastKnownFileType = sourcecode.swift; path = NotifyChangeView.swift; sourceTree = "<group>"; };
		C540883F1FE90E2200198955 /* BaseViewController.m */ = {isa = PBXFileReference; fileEncoding = 4; lastKnownFileType = sourcecode.c.objc; path = BaseViewController.m; sourceTree = "<group>"; };
		C54088401FE90E2200198955 /* BaseViewController.h */ = {isa = PBXFileReference; fileEncoding = 4; lastKnownFileType = sourcecode.c.h; path = BaseViewController.h; sourceTree = "<group>"; };
		C54088451FE90E2200198955 /* TextFieldTableViewCell.swift */ = {isa = PBXFileReference; fileEncoding = 4; lastKnownFileType = sourcecode.swift; path = TextFieldTableViewCell.swift; sourceTree = "<group>"; };
		C54088461FE90E2200198955 /* ClipView.swift */ = {isa = PBXFileReference; fileEncoding = 4; lastKnownFileType = sourcecode.swift; path = ClipView.swift; sourceTree = "<group>"; };
		C54088481FE90E2200198955 /* ImageCollectionViewCell.swift */ = {isa = PBXFileReference; fileEncoding = 4; lastKnownFileType = sourcecode.swift; path = ImageCollectionViewCell.swift; sourceTree = "<group>"; };
		C54088491FE90E2200198955 /* ShadowCollectionViewCell.swift */ = {isa = PBXFileReference; fileEncoding = 4; lastKnownFileType = sourcecode.swift; path = ShadowCollectionViewCell.swift; sourceTree = "<group>"; };
		C540884E1FE90E2200198955 /* MainButton.swift */ = {isa = PBXFileReference; fileEncoding = 4; lastKnownFileType = sourcecode.swift; path = MainButton.swift; sourceTree = "<group>"; };
		C540884F1FE90E2200198955 /* FloatingActionButton.swift */ = {isa = PBXFileReference; fileEncoding = 4; lastKnownFileType = sourcecode.swift; path = FloatingActionButton.swift; sourceTree = "<group>"; };
		C54088501FE90E2200198955 /* HelperView.swift */ = {isa = PBXFileReference; fileEncoding = 4; lastKnownFileType = sourcecode.swift; path = HelperView.swift; sourceTree = "<group>"; };
		C548D4EA20022E26003364E9 /* DiscoverScreenshotViewController.swift */ = {isa = PBXFileReference; lastKnownFileType = sourcecode.swift; path = DiscoverScreenshotViewController.swift; sourceTree = "<group>"; };
		C553563B1F8369DE00849E64 /* DeviceHelper.swift */ = {isa = PBXFileReference; lastKnownFileType = sourcecode.swift; path = DeviceHelper.swift; sourceTree = "<group>"; };
		C565333A2019D81C00F022D4 /* ProductViewController.swift */ = {isa = PBXFileReference; lastKnownFileType = sourcecode.swift; path = ProductViewController.swift; sourceTree = "<group>"; };
		C56F889B1FE9478D0006914C /* TappableTextView.swift */ = {isa = PBXFileReference; lastKnownFileType = sourcecode.swift; path = TappableTextView.swift; sourceTree = "<group>"; };
		C56F889E1FE949320006914C /* BarButtonItem.swift */ = {isa = PBXFileReference; fileEncoding = 4; lastKnownFileType = sourcecode.swift; path = BarButtonItem.swift; sourceTree = "<group>"; };
		C56F88A11FE949720006914C /* TappableText.swift */ = {isa = PBXFileReference; lastKnownFileType = sourcecode.swift; path = TappableText.swift; sourceTree = "<group>"; };
		C5709E441FC57B4500AB2D04 /* EnumProtocol.swift */ = {isa = PBXFileReference; lastKnownFileType = sourcecode.swift; path = EnumProtocol.swift; sourceTree = "<group>"; };
		C57B2EC51FA757DB00AF0205 /* GoogleService-Info.plist */ = {isa = PBXFileReference; fileEncoding = 4; lastKnownFileType = text.plist.xml; path = "GoogleService-Info.plist"; sourceTree = "<group>"; };
		C5847EF71F7A53F60024DCAB /* CredentialHelper.swift */ = {isa = PBXFileReference; lastKnownFileType = sourcecode.swift; path = CredentialHelper.swift; sourceTree = "<group>"; };
		C59A30471F655F1C00463338 /* ShoppablesController.swift */ = {isa = PBXFileReference; fileEncoding = 4; lastKnownFileType = sourcecode.swift; path = ShoppablesController.swift; sourceTree = "<group>"; };
		C5A6F1D71FF3C973001DCDD0 /* Screenshot.swift */ = {isa = PBXFileReference; lastKnownFileType = sourcecode.swift; path = Screenshot.swift; sourceTree = "<group>"; };
		C5A96667201DC83A00ABE4D7 /* DropDownButton.swift */ = {isa = PBXFileReference; lastKnownFileType = sourcecode.swift; path = DropDownButton.swift; sourceTree = "<group>"; };
		C5A96669201F023300ABE4D7 /* SegmentedDropDownButton.swift */ = {isa = PBXFileReference; lastKnownFileType = sourcecode.swift; path = SegmentedDropDownButton.swift; sourceTree = "<group>"; };
		C5AAE78A1FEA38AA00BCFF78 /* WebViewController.swift */ = {isa = PBXFileReference; lastKnownFileType = sourcecode.swift; path = WebViewController.swift; sourceTree = "<group>"; };
		C5AC7E641FFA2D2600F491C0 /* Size.swift */ = {isa = PBXFileReference; lastKnownFileType = sourcecode.swift; path = Size.swift; sourceTree = "<group>"; };
		C5AC7E661FFA363500F491C0 /* EmbossedView.swift */ = {isa = PBXFileReference; fileEncoding = 4; lastKnownFileType = sourcecode.swift; path = EmbossedView.swift; sourceTree = "<group>"; };
		C5BE7C1E20186309000DB8A0 /* DiscoverNavigationController.swift */ = {isa = PBXFileReference; lastKnownFileType = sourcecode.swift; path = DiscoverNavigationController.swift; sourceTree = "<group>"; };
		C5CAF2791FCC0EFD006F37DC /* ISO4217.plist */ = {isa = PBXFileReference; lastKnownFileType = file.bplist; path = ISO4217.plist; sourceTree = "<group>"; };
		C5CAF27B1FCC14C1006F37DC /* CurrencyModel.swift */ = {isa = PBXFileReference; lastKnownFileType = sourcecode.swift; path = CurrencyModel.swift; sourceTree = "<group>"; };
		C5CC3E381F94A85900DA3425 /* NetworkingIndicatorProtocol.swift */ = {isa = PBXFileReference; lastKnownFileType = sourcecode.swift; path = NetworkingIndicatorProtocol.swift; sourceTree = "<group>"; };
		C5D98CCA1FFA642300CC1A97 /* GameScene.sks */ = {isa = PBXFileReference; lastKnownFileType = file.sks; path = GameScene.sks; sourceTree = "<group>"; };
		C5D98CCB1FFA642300CC1A97 /* GameScene.swift */ = {isa = PBXFileReference; fileEncoding = 4; lastKnownFileType = sourcecode.swift; path = GameScene.swift; sourceTree = "<group>"; };
		C5D98CCE1FFB65A700CC1A97 /* FavoriteBadgeView.swift */ = {isa = PBXFileReference; lastKnownFileType = sourcecode.swift; path = FavoriteBadgeView.swift; sourceTree = "<group>"; };
		C5D98CD61FFCAF2700CC1A97 /* ScreenshotDisplayNavigationController.swift */ = {isa = PBXFileReference; lastKnownFileType = sourcecode.swift; path = ScreenshotDisplayNavigationController.swift; sourceTree = "<group>"; };
		C5DDC0DB2015C6D900B009BF /* AttributedString.swift */ = {isa = PBXFileReference; lastKnownFileType = sourcecode.swift; path = AttributedString.swift; sourceTree = "<group>"; };
		C5F53D8D2014A592003A57EC /* LegalViewControllerFactory.swift */ = {isa = PBXFileReference; lastKnownFileType = sourcecode.swift; path = LegalViewControllerFactory.swift; sourceTree = "<group>"; };
		C5F73C9D1FE244C800E49F2B /* Permissions.swift */ = {isa = PBXFileReference; lastKnownFileType = sourcecode.swift; path = Permissions.swift; sourceTree = "<group>"; };
		C5F8D63C1FA05AE40067C26A /* Notification.swift */ = {isa = PBXFileReference; lastKnownFileType = sourcecode.swift; path = Notification.swift; sourceTree = "<group>"; };
		C5F8D63E1FA0DF420067C26A /* TapticHelper.swift */ = {isa = PBXFileReference; lastKnownFileType = sourcecode.swift; path = TapticHelper.swift; sourceTree = "<group>"; };
		C5FF413D200B817400342DEC /* DiscoverScreenshotCollectionViewLayout.swift */ = {isa = PBXFileReference; lastKnownFileType = sourcecode.swift; path = DiscoverScreenshotCollectionViewLayout.swift; sourceTree = "<group>"; };
		C5FF413F200BA23900342DEC /* DiscoverScreenshotHelperView.swift */ = {isa = PBXFileReference; lastKnownFileType = sourcecode.swift; path = DiscoverScreenshotHelperView.swift; sourceTree = "<group>"; };
		C5FF4141200F299D00342DEC /* TutorialSlideView.swift */ = {isa = PBXFileReference; lastKnownFileType = sourcecode.swift; path = TutorialSlideView.swift; sourceTree = "<group>"; };
		E4139D401F09083B00E8A53B /* screenshot.app */ = {isa = PBXFileReference; explicitFileType = wrapper.application; includeInIndex = 0; path = screenshot.app; sourceTree = BUILT_PRODUCTS_DIR; };
		E4139D4F1F09083B00E8A53B /* Assets.xcassets */ = {isa = PBXFileReference; lastKnownFileType = folder.assetcatalog; path = Assets.xcassets; sourceTree = "<group>"; };
		E41449FF1F41890900B1F039 /* ClarifaiModel.swift */ = {isa = PBXFileReference; fileEncoding = 4; lastKnownFileType = sourcecode.swift; path = ClarifaiModel.swift; sourceTree = "<group>"; };
		E41BB9321F61BDD200A74F04 /* Info.plist */ = {isa = PBXFileReference; fileEncoding = 4; lastKnownFileType = text.plist.xml; path = Info.plist; sourceTree = "<group>"; };
		E41BB9341F61BDD900A74F04 /* Info.plist */ = {isa = PBXFileReference; fileEncoding = 4; lastKnownFileType = text.plist.xml; path = Info.plist; sourceTree = "<group>"; };
		E41BB9361F652EA000A74F04 /* Model 3.xcdatamodel */ = {isa = PBXFileReference; lastKnownFileType = wrapper.xcdatamodel; path = "Model 3.xcdatamodel"; sourceTree = "<group>"; };
		E41D98791FE26114006EB79E /* Model 6.xcdatamodel */ = {isa = PBXFileReference; lastKnownFileType = wrapper.xcdatamodel; path = "Model 6.xcdatamodel"; sourceTree = "<group>"; };
		E42AC3901F5FD6B70035A07C /* ScreenshotActivityItemProvider.swift */ = {isa = PBXFileReference; fileEncoding = 4; lastKnownFileType = sourcecode.swift; path = ScreenshotActivityItemProvider.swift; sourceTree = "<group>"; };
		E42AC3921F60340B0035A07C /* Model 2.xcdatamodel */ = {isa = PBXFileReference; lastKnownFileType = wrapper.xcdatamodel; path = "Model 2.xcdatamodel"; sourceTree = "<group>"; };
		E44CA6FB1F41E608001CB493 /* NetworkingPromise.swift */ = {isa = PBXFileReference; fileEncoding = 4; lastKnownFileType = sourcecode.swift; path = NetworkingPromise.swift; sourceTree = "<group>"; };
		E47B02F01FF0EF1E0070F515 /* Model 7.xcdatamodel */ = {isa = PBXFileReference; lastKnownFileType = wrapper.xcdatamodel; path = "Model 7.xcdatamodel"; sourceTree = "<group>"; };
		E47BC8101F39F32B0025056C /* screenshot-Bridging-Header.h */ = {isa = PBXFileReference; lastKnownFileType = sourcecode.c.h; path = "screenshot-Bridging-Header.h"; sourceTree = "<group>"; };
		E492765B1FC6FADB009DD239 /* Model 5.xcdatamodel */ = {isa = PBXFileReference; lastKnownFileType = wrapper.xcdatamodel; path = "Model 5.xcdatamodel"; sourceTree = "<group>"; };
		E492CE3C2011051100060FB2 /* MatchstickModel.swift */ = {isa = PBXFileReference; lastKnownFileType = sourcecode.swift; path = MatchstickModel.swift; sourceTree = "<group>"; };
		E4978C3B1F53610F0008B87F /* Constants.swift */ = {isa = PBXFileReference; fileEncoding = 4; lastKnownFileType = sourcecode.swift; path = Constants.swift; sourceTree = "<group>"; };
		E4A671621FA88AAA00250410 /* ScreenshotDetectionProtocol.swift */ = {isa = PBXFileReference; lastKnownFileType = sourcecode.swift; path = ScreenshotDetectionProtocol.swift; sourceTree = "<group>"; };
		E4CD8E681FA9E81B006F2CDA /* ApplicationStateModel.swift */ = {isa = PBXFileReference; lastKnownFileType = sourcecode.swift; path = ApplicationStateModel.swift; sourceTree = "<group>"; };
		E4D495D11F49834900312614 /* upload_symbols.sh */ = {isa = PBXFileReference; fileEncoding = 4; lastKnownFileType = text.script.sh; path = upload_symbols.sh; sourceTree = "<group>"; };
		E4D5900D1F8367A3006A3C89 /* Model 4.xcdatamodel */ = {isa = PBXFileReference; lastKnownFileType = wrapper.xcdatamodel; path = "Model 4.xcdatamodel"; sourceTree = "<group>"; };
		E4D644301F66D0FE00F5AA48 /* AppDelegate.swift */ = {isa = PBXFileReference; fileEncoding = 4; lastKnownFileType = sourcecode.swift; path = AppDelegate.swift; sourceTree = "<group>"; };
		E4D6D8A51F61AF3A009DD999 /* screenshot.entitlements */ = {isa = PBXFileReference; fileEncoding = 4; lastKnownFileType = text.plist.entitlements; path = screenshot.entitlements; sourceTree = "<group>"; };
		E4D6D8A61F61B047009DD999 /* screenshot.entitlements */ = {isa = PBXFileReference; fileEncoding = 4; lastKnownFileType = text.plist.entitlements; path = screenshot.entitlements; sourceTree = "<group>"; };
		E4DB2B7B1F7E1D4600320BE5 /* LaunchScreen.storyboard */ = {isa = PBXFileReference; lastKnownFileType = file.storyboard; path = LaunchScreen.storyboard; sourceTree = "<group>"; };
		E4E990D4200E01AE00B85505 /* Model 9.xcdatamodel */ = {isa = PBXFileReference; lastKnownFileType = wrapper.xcdatamodel; path = "Model 9.xcdatamodel"; sourceTree = "<group>"; };
		E4F9B9552005315E0019264E /* Model 8.xcdatamodel */ = {isa = PBXFileReference; lastKnownFileType = wrapper.xcdatamodel; path = "Model 8.xcdatamodel"; sourceTree = "<group>"; };
		E564B3319115D6C7FCDFE967 /* Pods-screenshot.devrelease.xcconfig */ = {isa = PBXFileReference; includeInIndex = 1; lastKnownFileType = text.xcconfig; name = "Pods-screenshot.devrelease.xcconfig"; path = "Pods/Target Support Files/Pods-screenshot/Pods-screenshot.devrelease.xcconfig"; sourceTree = "<group>"; };
/* End PBXFileReference section */

/* Begin PBXFrameworksBuildPhase section */
		E4139D3D1F09083B00E8A53B /* Frameworks */ = {
			isa = PBXFrameworksBuildPhase;
			buildActionMask = 2147483647;
			files = (
				5BCAB697F3F2E7E51098066C /* Pods_screenshot.framework in Frameworks */,
			);
			runOnlyForDeploymentPostprocessing = 0;
		};
/* End PBXFrameworksBuildPhase section */

/* Begin PBXGroup section */
		52807FFA1F9530E70075111D /* Resources */ = {
			isa = PBXGroup;
			children = (
				C53B15B01FDD1EF400658A78 /* FavoriteHeart.json */,
				C50EE26D1FC406F1002B4259 /* Fonts */,
				C5CAF2791FCC0EFD006F37DC /* ISO4217.plist */,
				527F17491FA21CA6008082BC /* Craze_Video.mp4 */,
				E4139D4F1F09083B00E8A53B /* Assets.xcassets */,
				C53B15BC1FDD638C00658A78 /* Localizable.strings */,
			);
			path = Resources;
			sourceTree = "<group>";
		};
		BEBA23337A8F69FF9EF80643 /* Pods */ = {
			isa = PBXGroup;
			children = (
				8E165CE332F45A2FD8C55A92 /* Pods-screenshot.devdebug.xcconfig */,
				3F0C1FB8EA3C6E2B9CFD91FD /* Pods-screenshot.prddebug.xcconfig */,
				E564B3319115D6C7FCDFE967 /* Pods-screenshot.devrelease.xcconfig */,
				3F5EF5527B5ECCDCEAB24BDD /* Pods-screenshot.prdrelease.xcconfig */,
			);
			name = Pods;
			sourceTree = "<group>";
		};
		C50EE26D1FC406F1002B4259 /* Fonts */ = {
			isa = PBXGroup;
			children = (
				C50EE2751FC40DCC002B4259 /* Hind 700.ttf */,
			);
			path = Fonts;
			sourceTree = "<group>";
		};
		C5233F091F6FEFEB00F25C7C /* Protocols */ = {
			isa = PBXGroup;
			children = (
				C5709E441FC57B4500AB2D04 /* EnumProtocol.swift */,
				C5233F0A1F6FF05800F25C7C /* LifeCycleProtocol.swift */,
				C5CC3E381F94A85900DA3425 /* NetworkingIndicatorProtocol.swift */,
				E4A671621FA88AAA00250410 /* ScreenshotDetectionProtocol.swift */,
			);
			path = Protocols;
			sourceTree = "<group>";
		};
		C5278FB81F3C38510090E422 /* Model */ = {
			isa = PBXGroup;
			children = (
				C5278FB91F3C38510090E422 /* AssetSyncModel.swift */,
				C5278FBA1F3C38510090E422 /* DataModel.swift */,
				C5278FBD1F3C38510090E422 /* Model.xcdatamodeld */,
				C5278FBF1F3C38510090E422 /* NetworkingModel.h */,
				C5278FC01F3C38510090E422 /* NetworkingModel.m */,
				E44CA6FB1F41E608001CB493 /* NetworkingPromise.swift */,
				E41449FF1F41890900B1F039 /* ClarifaiModel.swift */,
				E4CD8E681FA9E81B006F2CDA /* ApplicationStateModel.swift */,
				C5CAF27B1FCC14C1006F37DC /* CurrencyModel.swift */,
				E492CE3C2011051100060FB2 /* MatchstickModel.swift */,
			);
			path = Model;
			sourceTree = "<group>";
		};
		C5278FD71F3C38510090E422 /* Singletons */ = {
			isa = PBXGroup;
			children = (
				5273E3801F7ACE0300C832F8 /* Analytics.swift */,
				C53B46291FB1A50F00A8C886 /* Intercom.swift */,
				C5F8D63C1FA05AE40067C26A /* Notification.swift */,
				C5F73C9D1FE244C800E49F2B /* Permissions.swift */,
				529A36651FCC99B300BCA798 /* SilentPushSubscriptionManager.swift */,
			);
			path = Singletons;
			sourceTree = "<group>";
		};
		C528DC131F57F33900F4E723 /* Controllers */ = {
			isa = PBXGroup;
			children = (
				523C11381F5C195D001BD969 /* RatingFlow.swift */,
				E42AC3901F5FD6B70035A07C /* ScreenshotActivityItemProvider.swift */,
				C59A30471F655F1C00463338 /* ShoppablesController.swift */,
				52FA93901F6FF106000C7A71 /* UpdatePrompt.swift */,
				524E4C641FC6CEB300C3C3E6 /* DiscoverDeepLinkHandler.swift */,
				524DB5391FC6F69800BD408F /* UsageStreak.swift */,
				5268B5251FE65E1800B7D257 /* ChangelogAlert.swift */,
			);
			path = Controllers;
			sourceTree = "<group>";
		};
		C53B46541FBC399900A8C886 /* Structs */ = {
			isa = PBXGroup;
			children = (
				C53B46551FBC39B400A8C886 /* AppSettings.swift */,
			);
			path = Structs;
			sourceTree = "<group>";
		};
		C54087461FE90C3A00198955 /* View */ = {
			isa = PBXGroup;
			children = (
				C54087DA1FE90C8D00198955 /* Currency */,
				C54087F61FE90C8E00198955 /* Discover */,
				C54087F31FE90C8E00198955 /* Favorite */,
				C5D98CC91FFA642300CC1A97 /* Game */,
				C54087F81FE90C8E00198955 /* Generic */,
				C54087DC1FE90C8D00198955 /* Invite */,
				C5F53D8C2014A57F003A57EC /* Legal */,
				C54087C11FE90C8D00198955 /* Loading */,
				C54087EC1FE90C8E00198955 /* Product */,
				C54088051FE90C8E00198955 /* Screenshot */,
				C54087E71FE90C8D00198955 /* ScreenshotDisplay */,
				C54087DE1FE90C8D00198955 /* ScreenshotPicker */,
				C54087C61FE90C8D00198955 /* Settings */,
				C54087D61FE90C8D00198955 /* Shoppable */,
				C54087E11FE90C8D00198955 /* TabBar */,
				C54087C81FE90C8D00198955 /* Tutorial */,
				C54087D21FE90C8D00198955 /* WebView */,
			);
			path = View;
			sourceTree = "<group>";
		};
		C54087C11FE90C8D00198955 /* Loading */ = {
			isa = PBXGroup;
			children = (
				C54087C21FE90C8D00198955 /* Loader.swift */,
				C54087C31FE90C8D00198955 /* LoadingViewController.swift */,
			);
			path = Loading;
			sourceTree = "<group>";
		};
		C54087C61FE90C8D00198955 /* Settings */ = {
			isa = PBXGroup;
			children = (
				C54087C71FE90C8D00198955 /* SettingsViewController.swift */,
			);
			path = Settings;
			sourceTree = "<group>";
		};
		C54087C81FE90C8D00198955 /* Tutorial */ = {
			isa = PBXGroup;
			children = (
				C54087CA1FE90C8D00198955 /* TutorialEmailSlideView.swift */,
				C5FF4141200F299D00342DEC /* TutorialSlideView.swift */,
				C54087CF1FE90C8D00198955 /* TutorialTrySlideView.swift */,
				C54087CE1FE90C8D00198955 /* TutorialVideoOverlayView.swift */,
				C54087D01FE90C8D00198955 /* TutorialVideoViewController.swift */,
				C54087CD1FE90C8D00198955 /* TutorialViewController.swift */,
				C54087C91FE90C8D00198955 /* TutorialWelcomeSlideView.swift */,
			);
			path = Tutorial;
			sourceTree = "<group>";
		};
		C54087D21FE90C8D00198955 /* WebView */ = {
			isa = PBXGroup;
			children = (
				C53EAF8F2019B68B000E4544 /* ProductWebViewController.swift */,
				C54087D41FE90C8D00198955 /* WebView.swift */,
				C5AAE78A1FEA38AA00BCFF78 /* WebViewController.swift */,
			);
			path = WebView;
			sourceTree = "<group>";
		};
		C54087D61FE90C8D00198955 /* Shoppable */ = {
			isa = PBXGroup;
			children = (
				C54087D81FE90C8D00198955 /* ShoppableCollectionViewCell.swift */,
				C54087D71FE90C8D00198955 /* ShoppablesToolbar.h */,
				C54087D91FE90C8D00198955 /* ShoppablesToolbar.m */,
			);
			path = Shoppable;
			sourceTree = "<group>";
		};
		C54087DA1FE90C8D00198955 /* Currency */ = {
			isa = PBXGroup;
			children = (
				C54087DB1FE90C8D00198955 /* CurrencyViewController.swift */,
			);
			path = Currency;
			sourceTree = "<group>";
		};
		C54087DC1FE90C8D00198955 /* Invite */ = {
			isa = PBXGroup;
			children = (
				C54087DD1FE90C8D00198955 /* InviteViewController.swift */,
			);
			path = Invite;
			sourceTree = "<group>";
		};
		C54087DE1FE90C8D00198955 /* ScreenshotPicker */ = {
			isa = PBXGroup;
			children = (
				C54087DF1FE90C8D00198955 /* PickerCollectionViewCell.swift */,
				C54087E01FE90C8D00198955 /* ScreenshotPickerViewController.swift */,
			);
			path = ScreenshotPicker;
			sourceTree = "<group>";
		};
		C54087E11FE90C8D00198955 /* TabBar */ = {
			isa = PBXGroup;
			children = (
				C54087E31FE90C8D00198955 /* MainTabBarController.h */,
				C54087E21FE90C8D00198955 /* MainTabBarController.m */,
			);
			path = TabBar;
			sourceTree = "<group>";
		};
		C54087E71FE90C8D00198955 /* ScreenshotDisplay */ = {
			isa = PBXGroup;
			children = (
				C5D98CD61FFCAF2700CC1A97 /* ScreenshotDisplayNavigationController.swift */,
				C54087EB1FE90C8D00198955 /* ScreenshotDisplayViewController.h */,
				C54087E81FE90C8D00198955 /* ScreenshotDisplayViewController.m */,
			);
			path = ScreenshotDisplay;
			sourceTree = "<group>";
		};
		C54087EC1FE90C8E00198955 /* Product */ = {
			isa = PBXGroup;
			children = (
				C54087EF1FE90C8E00198955 /* ProductCollectionViewCell.h */,
				C54087F11FE90C8E00198955 /* ProductCollectionViewCell.m */,
				C54087EE1FE90C8E00198955 /* ProductsOptions.swift */,
				C54087F21FE90C8E00198955 /* ProductsRateView.swift */,
				C51D363E2010B66400943257 /* ProductsTooltipCollectionViewCell.swift */,
				C54087F01FE90C8E00198955 /* ProductsViewController.h */,
				C54087ED1FE90C8E00198955 /* ProductsViewController.m */,
				C565333A2019D81C00F022D4 /* ProductViewController.swift */,
			);
			path = Product;
			sourceTree = "<group>";
		};
		C54087F31FE90C8E00198955 /* Favorite */ = {
			isa = PBXGroup;
			children = (
				C5D98CCE1FFB65A700CC1A97 /* FavoriteBadgeView.swift */,
				C54087F51FE90C8E00198955 /* FavoriteButton.swift */,
				C51ED5BB1FF39BD800AABD68 /* FavoriteProductsViewController.swift */,
				C51ED5B91FF39A0700AABD68 /* FavoritesNavigationController.swift */,
				C51ED5BD1FF3A2AD00AABD68 /* FavoritesTableViewCell.swift */,
				C54087F41FE90C8E00198955 /* FavoritesViewController.swift */,
			);
			path = Favorite;
			sourceTree = "<group>";
		};
		C54087F61FE90C8E00198955 /* Discover */ = {
			isa = PBXGroup;
			children = (
				C5BE7C1E20186309000DB8A0 /* DiscoverNavigationController.swift */,
				C537F39D2004A20E00287360 /* DiscoverScreenshotCollectionViewCell.swift */,
				C5FF413D200B817400342DEC /* DiscoverScreenshotCollectionViewLayout.swift */,
				C5FF413F200BA23900342DEC /* DiscoverScreenshotHelperView.swift */,
				C548D4EA20022E26003364E9 /* DiscoverScreenshotViewController.swift */,
				C54087F71FE90C8E00198955 /* DiscoverWebViewController.swift */,
			);
			path = Discover;
			sourceTree = "<group>";
		};
		C54087F81FE90C8E00198955 /* Generic */ = {
			isa = PBXGroup;
			children = (
				C54088401FE90E2200198955 /* BaseViewController.h */,
				C540883F1FE90E2200198955 /* BaseViewController.m */,
				C540884D1FE90E2200198955 /* Button */,
				C54088461FE90E2200198955 /* ClipView.swift */,
				C54088471FE90E2200198955 /* CollectionViewCell */,
				C5AC7E661FFA363500F491C0 /* EmbossedView.swift */,
				C56F889D1FE949320006914C /* Extension */,
				C54088501FE90E2200198955 /* HelperView.swift */,
				C540883E1FE90E2100198955 /* NotifyChangeView.swift */,
				C56F88A01FE949560006914C /* Protocol */,
				C50D200D1FEBE6CD005CFA4F /* ScrollRevealController.swift */,
				C54088441FE90E2200198955 /* TableViewCell */,
				C540884A1FE90E2200198955 /* TextView */,
			);
			path = Generic;
			sourceTree = "<group>";
		};
		C54088051FE90C8E00198955 /* Screenshot */ = {
			isa = PBXGroup;
			children = (
				C54088061FE90C8E00198955 /* ScreenshotsNavigationController.h */,
				C54088071FE90C8E00198955 /* ScreenshotsViewController.h */,
				C54088081FE90C8E00198955 /* ScreenshotCollectionViewCell.swift */,
				C54088091FE90C8E00198955 /* ScreenshotNotificationCollectionViewCell.swift */,
				C540880A1FE90C8E00198955 /* ScreenshotsNavigationController.m */,
				C540880B1FE90C8E00198955 /* ScreenshotsViewController.m */,
				C540880C1FE90C8E00198955 /* ScreenshotsHelperView.swift */,
			);
			path = Screenshot;
			sourceTree = "<group>";
		};
		C54088441FE90E2200198955 /* TableViewCell */ = {
			isa = PBXGroup;
			children = (
				C54088451FE90E2200198955 /* TextFieldTableViewCell.swift */,
			);
			path = TableViewCell;
			sourceTree = "<group>";
		};
		C54088471FE90E2200198955 /* CollectionViewCell */ = {
			isa = PBXGroup;
			children = (
				C54088481FE90E2200198955 /* ImageCollectionViewCell.swift */,
				C54088491FE90E2200198955 /* ShadowCollectionViewCell.swift */,
			);
			path = CollectionViewCell;
			sourceTree = "<group>";
		};
		C540884A1FE90E2200198955 /* TextView */ = {
			isa = PBXGroup;
			children = (
				C56F889B1FE9478D0006914C /* TappableTextView.swift */,
			);
			path = TextView;
			sourceTree = "<group>";
		};
		C540884D1FE90E2200198955 /* Button */ = {
			isa = PBXGroup;
			children = (
				C5A96667201DC83A00ABE4D7 /* DropDownButton.swift */,
				C540884E1FE90E2200198955 /* MainButton.swift */,
				C540884F1FE90E2200198955 /* FloatingActionButton.swift */,
				C5A96669201F023300ABE4D7 /* SegmentedDropDownButton.swift */,
			);
			path = Button;
			sourceTree = "<group>";
		};
		C55184D01F4D5FAB00EE7855 /* Constants */ = {
			isa = PBXGroup;
			children = (
				E4978C3B1F53610F0008B87F /* Constants.swift */,
				C53B46571FBC3DFA00A8C886 /* NotificationCenterKeys.swift */,
				528D18691F5EEF8C00078223 /* UserDefaultsKeys.swift */,
			);
			path = Constants;
			sourceTree = "<group>";
		};
		C56F889D1FE949320006914C /* Extension */ = {
			isa = PBXGroup;
			children = (
				C5DDC0DB2015C6D900B009BF /* AttributedString.swift */,
				C56F889E1FE949320006914C /* BarButtonItem.swift */,
				C5A6F1D71FF3C973001DCDD0 /* Screenshot.swift */,
				C5AC7E641FFA2D2600F491C0 /* Size.swift */,
			);
			path = Extension;
			sourceTree = "<group>";
		};
		C56F88A01FE949560006914C /* Protocol */ = {
			isa = PBXGroup;
			children = (
				C56F88A11FE949720006914C /* TappableText.swift */,
			);
			path = Protocol;
			sourceTree = "<group>";
		};
		C5CCBB3D1F41BBDB00D6B392 /* Categories */ = {
			isa = PBXGroup;
			children = (
				C53B46501FBC396900A8C886 /* Appearance.swift */,
				C5847EF71F7A53F60024DCAB /* CredentialHelper.swift */,
				C553563B1F8369DE00849E64 /* DeviceHelper.swift */,
				C53B465D1FBC685D00A8C886 /* EnvironmentHelper.swift */,
				C53B46521FBC397700A8C886 /* Geometry.swift */,
				C5F8D63E1FA0DF420067C26A /* TapticHelper.swift */,
				C53B15BD1FDE585B00658A78 /* LocalizeHelper.swift */,
				52E547431FE2487B00627D6D /* ScreenshotHelper.swift */,
			);
			path = Categories;
			sourceTree = "<group>";
		};
		C5D98CC91FFA642300CC1A97 /* Game */ = {
			isa = PBXGroup;
			children = (
				C5D98CCA1FFA642300CC1A97 /* GameScene.sks */,
				C5D98CCB1FFA642300CC1A97 /* GameScene.swift */,
			);
			path = Game;
			sourceTree = "<group>";
		};
		C5F53D8C2014A57F003A57EC /* Legal */ = {
			isa = PBXGroup;
			children = (
				C5F53D8D2014A592003A57EC /* LegalViewControllerFactory.swift */,
			);
			path = Legal;
			sourceTree = "<group>";
		};
		E4139D371F09083B00E8A53B = {
			isa = PBXGroup;
			children = (
				E4139D421F09083B00E8A53B /* screenshot */,
				E4139D411F09083B00E8A53B /* Products */,
				BEBA23337A8F69FF9EF80643 /* Pods */,
				EED5E55462B98A9C783AC0F5 /* Frameworks */,
				E47BC8101F39F32B0025056C /* screenshot-Bridging-Header.h */,
			);
			sourceTree = "<group>";
		};
		E4139D411F09083B00E8A53B /* Products */ = {
			isa = PBXGroup;
			children = (
				E4139D401F09083B00E8A53B /* screenshot.app */,
			);
			name = Products;
			sourceTree = "<group>";
		};
		E4139D421F09083B00E8A53B /* screenshot */ = {
			isa = PBXGroup;
			children = (
				C5CCBB3D1F41BBDB00D6B392 /* Categories */,
				C55184D01F4D5FAB00EE7855 /* Constants */,
				C528DC131F57F33900F4E723 /* Controllers */,
				C5278FB81F3C38510090E422 /* Model */,
				C5233F091F6FEFEB00F25C7C /* Protocols */,
				52807FFA1F9530E70075111D /* Resources */,
				C5278FD71F3C38510090E422 /* Singletons */,
				C53B46541FBC399900A8C886 /* Structs */,
				C54087461FE90C3A00198955 /* View */,
				E4D644301F66D0FE00F5AA48 /* AppDelegate.swift */,
				E4DB2B7B1F7E1D4600320BE5 /* LaunchScreen.storyboard */,
				E4139D431F09083B00E8A53B /* Supporting Files */,
			);
			path = screenshot;
			sourceTree = "<group>";
		};
		E4139D431F09083B00E8A53B /* Supporting Files */ = {
			isa = PBXGroup;
			children = (
				E42AC3931F6144060035A07C /* dev */,
				E42AC3941F61442C0035A07C /* prd */,
				C57B2EC51FA757DB00AF0205 /* GoogleService-Info.plist */,
				E4D495D11F49834900312614 /* upload_symbols.sh */,
			);
			name = "Supporting Files";
			sourceTree = "<group>";
		};
		E42AC3931F6144060035A07C /* dev */ = {
			isa = PBXGroup;
			children = (
				E41BB9321F61BDD200A74F04 /* Info.plist */,
				E4D6D8A61F61B047009DD999 /* screenshot.entitlements */,
			);
			path = dev;
			sourceTree = "<group>";
		};
		E42AC3941F61442C0035A07C /* prd */ = {
			isa = PBXGroup;
			children = (
				E41BB9341F61BDD900A74F04 /* Info.plist */,
				E4D6D8A51F61AF3A009DD999 /* screenshot.entitlements */,
			);
			path = prd;
			sourceTree = "<group>";
		};
		EED5E55462B98A9C783AC0F5 /* Frameworks */ = {
			isa = PBXGroup;
			children = (
				46992D2723222F954C7B60D7 /* Pods_screenshot.framework */,
			);
			name = Frameworks;
			sourceTree = "<group>";
		};
/* End PBXGroup section */

/* Begin PBXNativeTarget section */
		E4139D3F1F09083B00E8A53B /* screenshot */ = {
			isa = PBXNativeTarget;
			buildConfigurationList = E4139D571F09083B00E8A53B /* Build configuration list for PBXNativeTarget "screenshot" */;
			buildPhases = (
				AE7846E2803BA1055B53CB98 /* [CP] Check Pods Manifest.lock */,
				E4139D3C1F09083B00E8A53B /* Sources */,
				E4139D3D1F09083B00E8A53B /* Frameworks */,
				E4139D3E1F09083B00E8A53B /* Resources */,
				E4D495D31F4987B100312614 /* Upload Symbols To AppSee */,
				062DDE6A3EEF8844E9956F39 /* [CP] Embed Pods Frameworks */,
				6BC0B32A3406E11698F2E236 /* [CP] Copy Pods Resources */,
			);
			buildRules = (
			);
			dependencies = (
			);
			name = screenshot;
			productName = screenshot;
			productReference = E4139D401F09083B00E8A53B /* screenshot.app */;
			productType = "com.apple.product-type.application";
		};
/* End PBXNativeTarget section */

/* Begin PBXProject section */
		E4139D381F09083B00E8A53B /* Project object */ = {
			isa = PBXProject;
			attributes = {
				LastUpgradeCheck = 0900;
				ORGANIZATIONNAME = crazeapp;
				TargetAttributes = {
					E4139D3F1F09083B00E8A53B = {
						CreatedOnToolsVersion = 8.3.1;
						DevelopmentTeam = ZWQ99C9M3P;
						LastSwiftMigration = 0830;
						ProvisioningStyle = Automatic;
						SystemCapabilities = {
							com.apple.BackgroundModes = {
								enabled = 1;
							};
							com.apple.Push = {
								enabled = 1;
							};
							com.apple.SafariKeychain = {
								enabled = 1;
							};
						};
					};
				};
			};
			buildConfigurationList = E4139D3B1F09083B00E8A53B /* Build configuration list for PBXProject "screenshot" */;
			compatibilityVersion = "Xcode 3.2";
			developmentRegion = English;
			hasScannedForEncodings = 0;
			knownRegions = (
				en,
				Base,
			);
			mainGroup = E4139D371F09083B00E8A53B;
			productRefGroup = E4139D411F09083B00E8A53B /* Products */;
			projectDirPath = "";
			projectRoot = "";
			targets = (
				E4139D3F1F09083B00E8A53B /* screenshot */,
			);
		};
/* End PBXProject section */

/* Begin PBXResourcesBuildPhase section */
		E4139D3E1F09083B00E8A53B /* Resources */ = {
			isa = PBXResourcesBuildPhase;
			buildActionMask = 2147483647;
			files = (
				C53B15B11FDD1EF400658A78 /* FavoriteHeart.json in Resources */,
				C5CAF27A1FCC0EFD006F37DC /* ISO4217.plist in Resources */,
				E4139D501F09083B00E8A53B /* Assets.xcassets in Resources */,
				C57B2EC61FA757DB00AF0205 /* GoogleService-Info.plist in Resources */,
				E4DB2B7C1F7E1D4600320BE5 /* LaunchScreen.storyboard in Resources */,
				C53B15BA1FDD638C00658A78 /* Localizable.strings in Resources */,
				527F174A1FA21CA6008082BC /* Craze_Video.mp4 in Resources */,
				C5D98CCC1FFA642300CC1A97 /* GameScene.sks in Resources */,
				C50EE2761FC40DCD002B4259 /* Hind 700.ttf in Resources */,
			);
			runOnlyForDeploymentPostprocessing = 0;
		};
/* End PBXResourcesBuildPhase section */

/* Begin PBXShellScriptBuildPhase section */
		062DDE6A3EEF8844E9956F39 /* [CP] Embed Pods Frameworks */ = {
			isa = PBXShellScriptBuildPhase;
			buildActionMask = 2147483647;
			files = (
			);
			inputPaths = (
				"${SRCROOT}/Pods/Target Support Files/Pods-screenshot/Pods-screenshot-frameworks.sh",
				"${BUILT_PRODUCTS_DIR}/AFNetworking/AFNetworking.framework",
				"${BUILT_PRODUCTS_DIR}/Amplitude-iOS/Amplitude_iOS.framework",
				"${BUILT_PRODUCTS_DIR}/Analytics/Analytics.framework",
				"${BUILT_PRODUCTS_DIR}/Bolts/Bolts.framework",
				"${BUILT_PRODUCTS_DIR}/Branch/Branch.framework",
				"${PODS_ROOT}/Clarifai-Apple-SDK/Clarifai_Apple_SDK.framework",
				"${BUILT_PRODUCTS_DIR}/DeepLinkKit/DeepLinkKit.framework",
				"${BUILT_PRODUCTS_DIR}/EggRating/EggRating.framework",
				"${BUILT_PRODUCTS_DIR}/FBSDKCoreKit/FBSDKCoreKit.framework",
				"${BUILT_PRODUCTS_DIR}/FBSDKLoginKit/FBSDKLoginKit.framework",
				"${BUILT_PRODUCTS_DIR}/FBSDKShareKit/FBSDKShareKit.framework",
				"${BUILT_PRODUCTS_DIR}/GTMOAuth2/GTMOAuth2.framework",
				"${BUILT_PRODUCTS_DIR}/GTMSessionFetcher/GTMSessionFetcher.framework",
				"${BUILT_PRODUCTS_DIR}/GoogleAPIClientForREST/GoogleAPIClientForREST.framework",
				"${BUILT_PRODUCTS_DIR}/GoogleToolboxForMac/GoogleToolboxForMac.framework",
				"${BUILT_PRODUCTS_DIR}/PromiseKit/PromiseKit.framework",
				"${BUILT_PRODUCTS_DIR}/Protobuf/Protobuf.framework",
				"${BUILT_PRODUCTS_DIR}/RateView/RateView.framework",
				"${BUILT_PRODUCTS_DIR}/SDWebImage/SDWebImage.framework",
				"${BUILT_PRODUCTS_DIR}/Segment-Amplitude/Segment_Amplitude.framework",
				"${BUILT_PRODUCTS_DIR}/lottie-ios/Lottie.framework",
				"${BUILT_PRODUCTS_DIR}/nanopb/nanopb.framework",
			);
			name = "[CP] Embed Pods Frameworks";
			outputPaths = (
				"${TARGET_BUILD_DIR}/${FRAMEWORKS_FOLDER_PATH}/AFNetworking.framework",
				"${TARGET_BUILD_DIR}/${FRAMEWORKS_FOLDER_PATH}/Amplitude_iOS.framework",
				"${TARGET_BUILD_DIR}/${FRAMEWORKS_FOLDER_PATH}/Analytics.framework",
				"${TARGET_BUILD_DIR}/${FRAMEWORKS_FOLDER_PATH}/Bolts.framework",
				"${TARGET_BUILD_DIR}/${FRAMEWORKS_FOLDER_PATH}/Branch.framework",
				"${TARGET_BUILD_DIR}/${FRAMEWORKS_FOLDER_PATH}/Clarifai_Apple_SDK.framework",
				"${TARGET_BUILD_DIR}/${FRAMEWORKS_FOLDER_PATH}/DeepLinkKit.framework",
				"${TARGET_BUILD_DIR}/${FRAMEWORKS_FOLDER_PATH}/EggRating.framework",
				"${TARGET_BUILD_DIR}/${FRAMEWORKS_FOLDER_PATH}/FBSDKCoreKit.framework",
				"${TARGET_BUILD_DIR}/${FRAMEWORKS_FOLDER_PATH}/FBSDKLoginKit.framework",
				"${TARGET_BUILD_DIR}/${FRAMEWORKS_FOLDER_PATH}/FBSDKShareKit.framework",
				"${TARGET_BUILD_DIR}/${FRAMEWORKS_FOLDER_PATH}/GTMOAuth2.framework",
				"${TARGET_BUILD_DIR}/${FRAMEWORKS_FOLDER_PATH}/GTMSessionFetcher.framework",
				"${TARGET_BUILD_DIR}/${FRAMEWORKS_FOLDER_PATH}/GoogleAPIClientForREST.framework",
				"${TARGET_BUILD_DIR}/${FRAMEWORKS_FOLDER_PATH}/GoogleToolboxForMac.framework",
				"${TARGET_BUILD_DIR}/${FRAMEWORKS_FOLDER_PATH}/PromiseKit.framework",
				"${TARGET_BUILD_DIR}/${FRAMEWORKS_FOLDER_PATH}/Protobuf.framework",
				"${TARGET_BUILD_DIR}/${FRAMEWORKS_FOLDER_PATH}/RateView.framework",
				"${TARGET_BUILD_DIR}/${FRAMEWORKS_FOLDER_PATH}/SDWebImage.framework",
				"${TARGET_BUILD_DIR}/${FRAMEWORKS_FOLDER_PATH}/Segment_Amplitude.framework",
				"${TARGET_BUILD_DIR}/${FRAMEWORKS_FOLDER_PATH}/Lottie.framework",
				"${TARGET_BUILD_DIR}/${FRAMEWORKS_FOLDER_PATH}/nanopb.framework",
			);
			runOnlyForDeploymentPostprocessing = 0;
			shellPath = /bin/sh;
			shellScript = "\"${SRCROOT}/Pods/Target Support Files/Pods-screenshot/Pods-screenshot-frameworks.sh\"\n";
			showEnvVarsInLog = 0;
		};
		6BC0B32A3406E11698F2E236 /* [CP] Copy Pods Resources */ = {
			isa = PBXShellScriptBuildPhase;
			buildActionMask = 2147483647;
			files = (
			);
			inputPaths = (
				"${SRCROOT}/Pods/Target Support Files/Pods-screenshot/Pods-screenshot-resources.sh",
				"${PODS_ROOT}/FirebaseInvites/Resources/GINInviteResources.bundle",
				"${PODS_ROOT}/FirebaseInvites/Resources/GPPACLPickerResources.bundle",
				"${PODS_ROOT}/GoogleSignIn/Resources/GoogleSignIn.bundle",
				"${PODS_ROOT}/Intercom/Intercom/Intercom.framework/Versions/A/Resources/Intercom.bundle",
				"${PODS_ROOT}/Intercom/Intercom/Intercom.framework/Versions/A/Resources/IntercomTranslations.bundle",
			);
			name = "[CP] Copy Pods Resources";
			outputPaths = (
				"${TARGET_BUILD_DIR}/${UNLOCALIZED_RESOURCES_FOLDER_PATH}",
			);
			runOnlyForDeploymentPostprocessing = 0;
			shellPath = /bin/sh;
			shellScript = "\"${SRCROOT}/Pods/Target Support Files/Pods-screenshot/Pods-screenshot-resources.sh\"\n";
			showEnvVarsInLog = 0;
		};
		AE7846E2803BA1055B53CB98 /* [CP] Check Pods Manifest.lock */ = {
			isa = PBXShellScriptBuildPhase;
			buildActionMask = 2147483647;
			files = (
			);
			inputPaths = (
				"${PODS_PODFILE_DIR_PATH}/Podfile.lock",
				"${PODS_ROOT}/Manifest.lock",
			);
			name = "[CP] Check Pods Manifest.lock";
			outputPaths = (
				"$(DERIVED_FILE_DIR)/Pods-screenshot-checkManifestLockResult.txt",
			);
			runOnlyForDeploymentPostprocessing = 0;
			shellPath = /bin/sh;
			shellScript = "diff \"${PODS_PODFILE_DIR_PATH}/Podfile.lock\" \"${PODS_ROOT}/Manifest.lock\" > /dev/null\nif [ $? != 0 ] ; then\n    # print error to STDERR\n    echo \"error: The sandbox is not in sync with the Podfile.lock. Run 'pod install' or update your CocoaPods installation.\" >&2\n    exit 1\nfi\n# This output is used by Xcode 'outputs' to avoid re-running this script phase.\necho \"SUCCESS\" > \"${SCRIPT_OUTPUT_FILE_0}\"\n";
			showEnvVarsInLog = 0;
		};
		E4D495D31F4987B100312614 /* Upload Symbols To AppSee */ = {
			isa = PBXShellScriptBuildPhase;
			buildActionMask = 2147483647;
			files = (
			);
			inputPaths = (
			);
			name = "Upload Symbols To AppSee";
			outputPaths = (
			);
			runOnlyForDeploymentPostprocessing = 0;
			shellPath = /bin/sh;
			shellScript = "\"${SRCROOT}/screenshot/upload_symbols.sh\" \"${APPSEE_API_KEY}\"";
		};
/* End PBXShellScriptBuildPhase section */

/* Begin PBXSourcesBuildPhase section */
		E4139D3C1F09083B00E8A53B /* Sources */ = {
			isa = PBXSourcesBuildPhase;
			buildActionMask = 2147483647;
			files = (
				C5DDC0DC2015C6D900B009BF /* AttributedString.swift in Sources */,
				525691881FD5DD51008D728D /* UsageStreak.swift in Sources */,
				C53B46581FBC3DFA00A8C886 /* NotificationCenterKeys.swift in Sources */,
				52E547441FE2487B00627D6D /* ScreenshotHelper.swift in Sources */,
				E4144A001F41890900B1F039 /* ClarifaiModel.swift in Sources */,
				C5A9666A201F023300ABE4D7 /* SegmentedDropDownButton.swift in Sources */,
				C5F53D8E2014A592003A57EC /* LegalViewControllerFactory.swift in Sources */,
				C54088271FE90C8E00198955 /* ProductCollectionViewCell.m in Sources */,
				C53EAF902019B68B000E4544 /* ProductWebViewController.swift in Sources */,
				C54088201FE90C8E00198955 /* ScreenshotPickerViewController.swift in Sources */,
				C5CAF27C1FCC14C1006F37DC /* CurrencyModel.swift in Sources */,
				C54088251FE90C8E00198955 /* ProductsViewController.m in Sources */,
				5268B5261FE65E1800B7D257 /* ChangelogAlert.swift in Sources */,
				C540881F1FE90C8E00198955 /* PickerCollectionViewCell.swift in Sources */,
				C51ED5BC1FF39BD800AABD68 /* FavoriteProductsViewController.swift in Sources */,
				C54088281FE90C8E00198955 /* ProductsRateView.swift in Sources */,
				C53B462A1FB1A50F00A8C886 /* Intercom.swift in Sources */,
				C53B46511FBC396900A8C886 /* Appearance.swift in Sources */,
				C51D363F2010B66400943257 /* ProductsTooltipCollectionViewCell.swift in Sources */,
				E4978C3C1F53610F0008B87F /* Constants.swift in Sources */,
				C54088551FE90E2200198955 /* ClipView.swift in Sources */,
				C54088151FE90C8E00198955 /* TutorialViewController.swift in Sources */,
				C5A6F1D81FF3C973001DCDD0 /* Screenshot.swift in Sources */,
				C5F73C9E1FE244C800E49F2B /* Permissions.swift in Sources */,
				C56F88A21FE949720006914C /* TappableText.swift in Sources */,
				C5AC7E651FFA2D2600F491C0 /* Size.swift in Sources */,
				C51ED5BA1FF39A0700AABD68 /* FavoritesNavigationController.swift in Sources */,
				E492CE3D2011051100060FB2 /* MatchstickModel.swift in Sources */,
				523CA4861F5EF93300873D78 /* UserDefaultsKeys.swift in Sources */,
				E4D644311F66D0FE00F5AA48 /* AppDelegate.swift in Sources */,
				C553563C1F8369DF00849E64 /* DeviceHelper.swift in Sources */,
				C540880D1FE90C8E00198955 /* Loader.swift in Sources */,
				C5709E451FC57B4500AB2D04 /* EnumProtocol.swift in Sources */,
				C540882B1FE90C8E00198955 /* DiscoverWebViewController.swift in Sources */,
				C540881D1FE90C8E00198955 /* CurrencyViewController.swift in Sources */,
				C54088161FE90C8E00198955 /* TutorialVideoOverlayView.swift in Sources */,
				C5CC3E391F94A85900DA3425 /* NetworkingIndicatorProtocol.swift in Sources */,
				C5D98CD71FFCAF2700CC1A97 /* ScreenshotDisplayNavigationController.swift in Sources */,
				C54088571FE90E2200198955 /* ShadowCollectionViewCell.swift in Sources */,
				C54088171FE90C8E00198955 /* TutorialTrySlideView.swift in Sources */,
				529A36661FCC99B300BCA798 /* SilentPushSubscriptionManager.swift in Sources */,
				C54088211FE90C8E00198955 /* MainTabBarController.m in Sources */,
				C540881E1FE90C8E00198955 /* InviteViewController.swift in Sources */,
				C56F889C1FE9478D0006914C /* TappableTextView.swift in Sources */,
				C54088181FE90C8E00198955 /* TutorialVideoViewController.swift in Sources */,
				E4CD8E691FA9E81B006F2CDA /* ApplicationStateModel.swift in Sources */,
				52FA93911F6FF106000C7A71 /* UpdatePrompt.swift in Sources */,
				C5278FEF1F3C38510090E422 /* NetworkingModel.m in Sources */,
				E42AC3911F5FD6B70035A07C /* ScreenshotActivityItemProvider.swift in Sources */,
				C56F889F1FE949330006914C /* BarButtonItem.swift in Sources */,
				C54088361FE90C8E00198955 /* ScreenshotCollectionViewCell.swift in Sources */,
				C5847EF81F7A53F60024DCAB /* CredentialHelper.swift in Sources */,
				C5278FEE1F3C38510090E422 /* Model.xcdatamodeld in Sources */,
				C548D4EB20022E26003364E9 /* DiscoverScreenshotViewController.swift in Sources */,
				C5AAE78B1FEA38AA00BCFF78 /* WebViewController.swift in Sources */,
				C54088541FE90E2200198955 /* TextFieldTableViewCell.swift in Sources */,
				C5FF413E200B817400342DEC /* DiscoverScreenshotCollectionViewLayout.swift in Sources */,
				C54088291FE90C8E00198955 /* FavoritesViewController.swift in Sources */,
				C5BE7C1F20186309000DB8A0 /* DiscoverNavigationController.swift in Sources */,
				C540881A1FE90C8E00198955 /* WebView.swift in Sources */,
				C5AC7E671FFA363700F491C0 /* EmbossedView.swift in Sources */,
				C54088511FE90E2200198955 /* NotifyChangeView.swift in Sources */,
				C54088121FE90C8E00198955 /* TutorialEmailSlideView.swift in Sources */,
				C540882A1FE90C8E00198955 /* FavoriteButton.swift in Sources */,
				C54088261FE90C8E00198955 /* ProductsOptions.swift in Sources */,
				C540883A1FE90C8E00198955 /* ScreenshotsHelperView.swift in Sources */,
				C53B15BE1FDE585B00658A78 /* LocalizeHelper.swift in Sources */,
				C54088231FE90C8E00198955 /* ScreenshotDisplayViewController.m in Sources */,
				C54088371FE90C8E00198955 /* ScreenshotNotificationCollectionViewCell.swift in Sources */,
				C53B46561FBC39B400A8C886 /* AppSettings.swift in Sources */,
				C540881B1FE90C8E00198955 /* ShoppableCollectionViewCell.swift in Sources */,
				C54088591FE90E2200198955 /* MainButton.swift in Sources */,
				C5F8D63D1FA05AE40067C26A /* Notification.swift in Sources */,
				C565333B2019D81C00F022D4 /* ProductViewController.swift in Sources */,
				C5D98CCF1FFB65A700CC1A97 /* FavoriteBadgeView.swift in Sources */,
				C54088521FE90E2200198955 /* BaseViewController.m in Sources */,
				C5233F0B1F6FF05800F25C7C /* LifeCycleProtocol.swift in Sources */,
				C5A96668201DC83A00ABE4D7 /* DropDownButton.swift in Sources */,
				C50D200E1FEBE6CD005CFA4F /* ScrollRevealController.swift in Sources */,
				C537F39E2004A20E00287360 /* DiscoverScreenshotCollectionViewCell.swift in Sources */,
				C59A30481F655F1C00463338 /* ShoppablesController.swift in Sources */,
				524E4C651FC6CEB300C3C3E6 /* DiscoverDeepLinkHandler.swift in Sources */,
				C51ED5BE1FF3A2AD00AABD68 /* FavoritesTableViewCell.swift in Sources */,
				C54088391FE90C8E00198955 /* ScreenshotsViewController.m in Sources */,
				C5FF4140200BA23900342DEC /* DiscoverScreenshotHelperView.swift in Sources */,
				523C11391F5C195D001BD969 /* RatingFlow.swift in Sources */,
				C54088561FE90E2200198955 /* ImageCollectionViewCell.swift in Sources */,
				C54088111FE90C8E00198955 /* TutorialWelcomeSlideView.swift in Sources */,
				C54088101FE90C8E00198955 /* SettingsViewController.swift in Sources */,
				E44CA6FC1F41E608001CB493 /* NetworkingPromise.swift in Sources */,
				C53B465E1FBC685D00A8C886 /* EnvironmentHelper.swift in Sources */,
				C5278FEB1F3C38510090E422 /* AssetSyncModel.swift in Sources */,
				C5F8D63F1FA0DF420067C26A /* TapticHelper.swift in Sources */,
				C54088381FE90C8E00198955 /* ScreenshotsNavigationController.m in Sources */,
				C5D98CCD1FFA642300CC1A97 /* GameScene.swift in Sources */,
				C540881C1FE90C8E00198955 /* ShoppablesToolbar.m in Sources */,
				C5278FEC1F3C38510090E422 /* DataModel.swift in Sources */,
				C540885A1FE90E2200198955 /* FloatingActionButton.swift in Sources */,
				E4A671631FA88AAA00250410 /* ScreenshotDetectionProtocol.swift in Sources */,
				C53B46531FBC397700A8C886 /* Geometry.swift in Sources */,
				C5FF4142200F299D00342DEC /* TutorialSlideView.swift in Sources */,
				C540880E1FE90C8E00198955 /* LoadingViewController.swift in Sources */,
				C540885B1FE90E2200198955 /* HelperView.swift in Sources */,
				5273E3811F7ACE0300C832F8 /* Analytics.swift in Sources */,
			);
			runOnlyForDeploymentPostprocessing = 0;
		};
/* End PBXSourcesBuildPhase section */

/* Begin PBXVariantGroup section */
		C53B15BC1FDD638C00658A78 /* Localizable.strings */ = {
			isa = PBXVariantGroup;
			children = (
				C53B15BB1FDD638C00658A78 /* en */,
			);
			name = Localizable.strings;
			sourceTree = "<group>";
		};
/* End PBXVariantGroup section */

/* Begin XCBuildConfiguration section */
		E4139D551F09083B00E8A53B /* devDebug */ = {
			isa = XCBuildConfiguration;
			buildSettings = {
				ALWAYS_SEARCH_USER_PATHS = NO;
				CLANG_ANALYZER_NONNULL = YES;
				CLANG_ANALYZER_NUMBER_OBJECT_CONVERSION = YES_AGGRESSIVE;
				CLANG_CXX_LANGUAGE_STANDARD = "gnu++0x";
				CLANG_CXX_LIBRARY = "libc++";
				CLANG_ENABLE_CODE_COVERAGE = NO;
				CLANG_ENABLE_MODULES = YES;
				CLANG_ENABLE_OBJC_ARC = YES;
				CLANG_WARN_BLOCK_CAPTURE_AUTORELEASING = YES;
				CLANG_WARN_BOOL_CONVERSION = YES;
				CLANG_WARN_COMMA = YES;
				CLANG_WARN_CONSTANT_CONVERSION = YES;
				CLANG_WARN_DIRECT_OBJC_ISA_USAGE = YES_ERROR;
				CLANG_WARN_DOCUMENTATION_COMMENTS = YES;
				CLANG_WARN_EMPTY_BODY = YES;
				CLANG_WARN_ENUM_CONVERSION = YES;
				CLANG_WARN_INFINITE_RECURSION = YES;
				CLANG_WARN_INT_CONVERSION = YES;
				CLANG_WARN_NON_LITERAL_NULL_CONVERSION = YES;
				CLANG_WARN_OBJC_LITERAL_CONVERSION = YES;
				CLANG_WARN_OBJC_ROOT_CLASS = YES_ERROR;
				CLANG_WARN_RANGE_LOOP_ANALYSIS = YES;
				CLANG_WARN_STRICT_PROTOTYPES = YES;
				CLANG_WARN_SUSPICIOUS_MOVE = YES;
				CLANG_WARN_UNREACHABLE_CODE = YES;
				CLANG_WARN__DUPLICATE_METHOD_MATCH = YES;
				"CODE_SIGN_IDENTITY[sdk=iphoneos*]" = "iPhone Developer";
				COPY_PHASE_STRIP = NO;
				DEBUG_INFORMATION_FORMAT = dwarf;
				ENABLE_STRICT_OBJC_MSGSEND = YES;
				ENABLE_TESTABILITY = YES;
				GCC_C_LANGUAGE_STANDARD = gnu99;
				GCC_DYNAMIC_NO_PIC = NO;
				GCC_NO_COMMON_BLOCKS = YES;
				GCC_OPTIMIZATION_LEVEL = 0;
				GCC_PREPROCESSOR_DEFINITIONS = (
					"DEBUG=1",
					"$(inherited)",
				);
				GCC_WARN_64_TO_32_BIT_CONVERSION = YES;
				GCC_WARN_ABOUT_RETURN_TYPE = YES_ERROR;
				GCC_WARN_UNDECLARED_SELECTOR = YES;
				GCC_WARN_UNINITIALIZED_AUTOS = YES_AGGRESSIVE;
				GCC_WARN_UNUSED_FUNCTION = YES;
				GCC_WARN_UNUSED_VARIABLE = YES;
				IPHONEOS_DEPLOYMENT_TARGET = 10.0;
				MTL_ENABLE_DEBUG_INFO = YES;
				ONLY_ACTIVE_ARCH = YES;
				SDKROOT = iphoneos;
				TARGETED_DEVICE_FAMILY = "1,2";
			};
			name = devDebug;
		};
		E4139D561F09083B00E8A53B /* devRelease */ = {
			isa = XCBuildConfiguration;
			buildSettings = {
				ALWAYS_SEARCH_USER_PATHS = NO;
				CLANG_ANALYZER_NONNULL = YES;
				CLANG_ANALYZER_NUMBER_OBJECT_CONVERSION = YES_AGGRESSIVE;
				CLANG_CXX_LANGUAGE_STANDARD = "gnu++0x";
				CLANG_CXX_LIBRARY = "libc++";
				CLANG_ENABLE_CODE_COVERAGE = NO;
				CLANG_ENABLE_MODULES = YES;
				CLANG_ENABLE_OBJC_ARC = YES;
				CLANG_WARN_BLOCK_CAPTURE_AUTORELEASING = YES;
				CLANG_WARN_BOOL_CONVERSION = YES;
				CLANG_WARN_COMMA = YES;
				CLANG_WARN_CONSTANT_CONVERSION = YES;
				CLANG_WARN_DIRECT_OBJC_ISA_USAGE = YES_ERROR;
				CLANG_WARN_DOCUMENTATION_COMMENTS = YES;
				CLANG_WARN_EMPTY_BODY = YES;
				CLANG_WARN_ENUM_CONVERSION = YES;
				CLANG_WARN_INFINITE_RECURSION = YES;
				CLANG_WARN_INT_CONVERSION = YES;
				CLANG_WARN_NON_LITERAL_NULL_CONVERSION = YES;
				CLANG_WARN_OBJC_LITERAL_CONVERSION = YES;
				CLANG_WARN_OBJC_ROOT_CLASS = YES_ERROR;
				CLANG_WARN_RANGE_LOOP_ANALYSIS = YES;
				CLANG_WARN_STRICT_PROTOTYPES = YES;
				CLANG_WARN_SUSPICIOUS_MOVE = YES;
				CLANG_WARN_UNREACHABLE_CODE = YES;
				CLANG_WARN__DUPLICATE_METHOD_MATCH = YES;
				"CODE_SIGN_IDENTITY[sdk=iphoneos*]" = "iPhone Developer";
				COPY_PHASE_STRIP = NO;
				DEBUG_INFORMATION_FORMAT = "dwarf-with-dsym";
				ENABLE_NS_ASSERTIONS = NO;
				ENABLE_STRICT_OBJC_MSGSEND = YES;
				GCC_C_LANGUAGE_STANDARD = gnu99;
				GCC_NO_COMMON_BLOCKS = YES;
				GCC_WARN_64_TO_32_BIT_CONVERSION = YES;
				GCC_WARN_ABOUT_RETURN_TYPE = YES_ERROR;
				GCC_WARN_UNDECLARED_SELECTOR = YES;
				GCC_WARN_UNINITIALIZED_AUTOS = YES_AGGRESSIVE;
				GCC_WARN_UNUSED_FUNCTION = YES;
				GCC_WARN_UNUSED_VARIABLE = YES;
				IPHONEOS_DEPLOYMENT_TARGET = 10.0;
				MTL_ENABLE_DEBUG_INFO = NO;
				SDKROOT = iphoneos;
				SWIFT_OPTIMIZATION_LEVEL = "-Owholemodule";
				TARGETED_DEVICE_FAMILY = "1,2";
				VALIDATE_PRODUCT = YES;
			};
			name = devRelease;
		};
		E4139D581F09083B00E8A53B /* devDebug */ = {
			isa = XCBuildConfiguration;
			baseConfigurationReference = 8E165CE332F45A2FD8C55A92 /* Pods-screenshot.devdebug.xcconfig */;
			buildSettings = {
				APPSEE_API_KEY = d9010050cea04490b6b9cdd795849dd4;
				ASSETCATALOG_COMPILER_APPICON_NAME = AppIcon;
				CLANG_ENABLE_CODE_COVERAGE = NO;
				CLANG_ENABLE_MODULES = YES;
				CODE_SIGN_ENTITLEMENTS = screenshot/dev/screenshot.entitlements;
				CURRENT_PROJECT_VERSION = 94;
				DEVELOPMENT_TEAM = ZWQ99C9M3P;
				ENVIRONMENT_FOLDER = screenshot/dev/;
				INFOPLIST_FILE = screenshot/dev/Info.plist;
				LD_RUNPATH_SEARCH_PATHS = "$(inherited) @executable_path/Frameworks";
				PRODUCT_BUNDLE_IDENTIFIER = io.crazeapp.screenshot.dev;
				PRODUCT_NAME = "$(TARGET_NAME)";
				SWIFT_ACTIVE_COMPILATION_CONDITIONS = "DEBUG DEV";
				SWIFT_OBJC_BRIDGING_HEADER = "screenshot-Bridging-Header.h";
				SWIFT_OPTIMIZATION_LEVEL = "-Onone";
				SWIFT_VERSION = 3.0;
				TARGETED_DEVICE_FAMILY = 1;
				VERSIONING_SYSTEM = "Apple Generic";
			};
			name = devDebug;
		};
		E4139D591F09083B00E8A53B /* devRelease */ = {
			isa = XCBuildConfiguration;
			baseConfigurationReference = E564B3319115D6C7FCDFE967 /* Pods-screenshot.devrelease.xcconfig */;
			buildSettings = {
				APPSEE_API_KEY = d9010050cea04490b6b9cdd795849dd4;
				ASSETCATALOG_COMPILER_APPICON_NAME = AppIcon;
				CLANG_ENABLE_CODE_COVERAGE = NO;
				CLANG_ENABLE_MODULES = YES;
				CODE_SIGN_ENTITLEMENTS = screenshot/dev/screenshot.entitlements;
				CURRENT_PROJECT_VERSION = 94;
				DEVELOPMENT_TEAM = ZWQ99C9M3P;
				ENVIRONMENT_FOLDER = screenshot/dev/;
				INFOPLIST_FILE = screenshot/dev/Info.plist;
				LD_RUNPATH_SEARCH_PATHS = "$(inherited) @executable_path/Frameworks";
				PRODUCT_BUNDLE_IDENTIFIER = io.crazeapp.screenshot.dev;
				PRODUCT_NAME = "$(TARGET_NAME)";
				SWIFT_ACTIVE_COMPILATION_CONDITIONS = "RELEASE DEV";
				SWIFT_OBJC_BRIDGING_HEADER = "screenshot-Bridging-Header.h";
				SWIFT_VERSION = 3.0;
				TARGETED_DEVICE_FAMILY = 1;
				VERSIONING_SYSTEM = "Apple Generic";
			};
			name = devRelease;
		};
		E4D6D8A11F61ADBF009DD999 /* prdDebug */ = {
			isa = XCBuildConfiguration;
			buildSettings = {
				ALWAYS_SEARCH_USER_PATHS = NO;
				CLANG_ANALYZER_NONNULL = YES;
				CLANG_ANALYZER_NUMBER_OBJECT_CONVERSION = YES_AGGRESSIVE;
				CLANG_CXX_LANGUAGE_STANDARD = "gnu++0x";
				CLANG_CXX_LIBRARY = "libc++";
				CLANG_ENABLE_CODE_COVERAGE = NO;
				CLANG_ENABLE_MODULES = YES;
				CLANG_ENABLE_OBJC_ARC = YES;
				CLANG_WARN_BLOCK_CAPTURE_AUTORELEASING = YES;
				CLANG_WARN_BOOL_CONVERSION = YES;
				CLANG_WARN_COMMA = YES;
				CLANG_WARN_CONSTANT_CONVERSION = YES;
				CLANG_WARN_DIRECT_OBJC_ISA_USAGE = YES_ERROR;
				CLANG_WARN_DOCUMENTATION_COMMENTS = YES;
				CLANG_WARN_EMPTY_BODY = YES;
				CLANG_WARN_ENUM_CONVERSION = YES;
				CLANG_WARN_INFINITE_RECURSION = YES;
				CLANG_WARN_INT_CONVERSION = YES;
				CLANG_WARN_NON_LITERAL_NULL_CONVERSION = YES;
				CLANG_WARN_OBJC_LITERAL_CONVERSION = YES;
				CLANG_WARN_OBJC_ROOT_CLASS = YES_ERROR;
				CLANG_WARN_RANGE_LOOP_ANALYSIS = YES;
				CLANG_WARN_STRICT_PROTOTYPES = YES;
				CLANG_WARN_SUSPICIOUS_MOVE = YES;
				CLANG_WARN_UNREACHABLE_CODE = YES;
				CLANG_WARN__DUPLICATE_METHOD_MATCH = YES;
				"CODE_SIGN_IDENTITY[sdk=iphoneos*]" = "iPhone Developer";
				COPY_PHASE_STRIP = NO;
				DEBUG_INFORMATION_FORMAT = dwarf;
				ENABLE_STRICT_OBJC_MSGSEND = YES;
				ENABLE_TESTABILITY = YES;
				GCC_C_LANGUAGE_STANDARD = gnu99;
				GCC_DYNAMIC_NO_PIC = NO;
				GCC_NO_COMMON_BLOCKS = YES;
				GCC_OPTIMIZATION_LEVEL = 0;
				GCC_PREPROCESSOR_DEFINITIONS = (
					"DEBUG=1",
					"$(inherited)",
				);
				GCC_WARN_64_TO_32_BIT_CONVERSION = YES;
				GCC_WARN_ABOUT_RETURN_TYPE = YES_ERROR;
				GCC_WARN_UNDECLARED_SELECTOR = YES;
				GCC_WARN_UNINITIALIZED_AUTOS = YES_AGGRESSIVE;
				GCC_WARN_UNUSED_FUNCTION = YES;
				GCC_WARN_UNUSED_VARIABLE = YES;
				IPHONEOS_DEPLOYMENT_TARGET = 10.0;
				MTL_ENABLE_DEBUG_INFO = YES;
				ONLY_ACTIVE_ARCH = YES;
				SDKROOT = iphoneos;
				TARGETED_DEVICE_FAMILY = "1,2";
			};
			name = prdDebug;
		};
		E4D6D8A21F61ADBF009DD999 /* prdDebug */ = {
			isa = XCBuildConfiguration;
			baseConfigurationReference = 3F0C1FB8EA3C6E2B9CFD91FD /* Pods-screenshot.prddebug.xcconfig */;
			buildSettings = {
				APPSEE_API_KEY = 0ece18b50f7d4ef9aae3e473c28030bc;
				ASSETCATALOG_COMPILER_APPICON_NAME = AppIcon;
				CLANG_ENABLE_CODE_COVERAGE = NO;
				CLANG_ENABLE_MODULES = YES;
				CODE_SIGN_ENTITLEMENTS = screenshot/prd/screenshot.entitlements;
				CURRENT_PROJECT_VERSION = 94;
				DEVELOPMENT_TEAM = ZWQ99C9M3P;
				ENVIRONMENT_FOLDER = screenshot/prd/;
				INFOPLIST_FILE = screenshot/prd/Info.plist;
				LD_RUNPATH_SEARCH_PATHS = "$(inherited) @executable_path/Frameworks";
				PRODUCT_BUNDLE_IDENTIFIER = io.crazeapp.screenshot;
				PRODUCT_NAME = "$(TARGET_NAME)";
				SWIFT_ACTIVE_COMPILATION_CONDITIONS = "DEBUG PRD";
				SWIFT_OBJC_BRIDGING_HEADER = "screenshot-Bridging-Header.h";
				SWIFT_OPTIMIZATION_LEVEL = "-Onone";
				SWIFT_VERSION = 3.0;
				TARGETED_DEVICE_FAMILY = 1;
				VERSIONING_SYSTEM = "Apple Generic";
			};
			name = prdDebug;
		};
		E4D6D8A31F61ADD1009DD999 /* prdRelease */ = {
			isa = XCBuildConfiguration;
			buildSettings = {
				ALWAYS_SEARCH_USER_PATHS = NO;
				CLANG_ANALYZER_NONNULL = YES;
				CLANG_ANALYZER_NUMBER_OBJECT_CONVERSION = YES_AGGRESSIVE;
				CLANG_CXX_LANGUAGE_STANDARD = "gnu++0x";
				CLANG_CXX_LIBRARY = "libc++";
				CLANG_ENABLE_CODE_COVERAGE = NO;
				CLANG_ENABLE_MODULES = YES;
				CLANG_ENABLE_OBJC_ARC = YES;
				CLANG_WARN_BLOCK_CAPTURE_AUTORELEASING = YES;
				CLANG_WARN_BOOL_CONVERSION = YES;
				CLANG_WARN_COMMA = YES;
				CLANG_WARN_CONSTANT_CONVERSION = YES;
				CLANG_WARN_DIRECT_OBJC_ISA_USAGE = YES_ERROR;
				CLANG_WARN_DOCUMENTATION_COMMENTS = YES;
				CLANG_WARN_EMPTY_BODY = YES;
				CLANG_WARN_ENUM_CONVERSION = YES;
				CLANG_WARN_INFINITE_RECURSION = YES;
				CLANG_WARN_INT_CONVERSION = YES;
				CLANG_WARN_NON_LITERAL_NULL_CONVERSION = YES;
				CLANG_WARN_OBJC_LITERAL_CONVERSION = YES;
				CLANG_WARN_OBJC_ROOT_CLASS = YES_ERROR;
				CLANG_WARN_RANGE_LOOP_ANALYSIS = YES;
				CLANG_WARN_STRICT_PROTOTYPES = YES;
				CLANG_WARN_SUSPICIOUS_MOVE = YES;
				CLANG_WARN_UNREACHABLE_CODE = YES;
				CLANG_WARN__DUPLICATE_METHOD_MATCH = YES;
				"CODE_SIGN_IDENTITY[sdk=iphoneos*]" = "iPhone Developer";
				COPY_PHASE_STRIP = NO;
				DEBUG_INFORMATION_FORMAT = "dwarf-with-dsym";
				ENABLE_NS_ASSERTIONS = NO;
				ENABLE_STRICT_OBJC_MSGSEND = YES;
				GCC_C_LANGUAGE_STANDARD = gnu99;
				GCC_NO_COMMON_BLOCKS = YES;
				GCC_WARN_64_TO_32_BIT_CONVERSION = YES;
				GCC_WARN_ABOUT_RETURN_TYPE = YES_ERROR;
				GCC_WARN_UNDECLARED_SELECTOR = YES;
				GCC_WARN_UNINITIALIZED_AUTOS = YES_AGGRESSIVE;
				GCC_WARN_UNUSED_FUNCTION = YES;
				GCC_WARN_UNUSED_VARIABLE = YES;
				IPHONEOS_DEPLOYMENT_TARGET = 10.0;
				MTL_ENABLE_DEBUG_INFO = NO;
				SDKROOT = iphoneos;
				SWIFT_OPTIMIZATION_LEVEL = "-Owholemodule";
				TARGETED_DEVICE_FAMILY = "1,2";
				VALIDATE_PRODUCT = YES;
			};
			name = prdRelease;
		};
		E4D6D8A41F61ADD1009DD999 /* prdRelease */ = {
			isa = XCBuildConfiguration;
			baseConfigurationReference = 3F5EF5527B5ECCDCEAB24BDD /* Pods-screenshot.prdrelease.xcconfig */;
			buildSettings = {
				APPSEE_API_KEY = 0ece18b50f7d4ef9aae3e473c28030bc;
				ASSETCATALOG_COMPILER_APPICON_NAME = AppIcon;
				CLANG_ENABLE_CODE_COVERAGE = NO;
				CLANG_ENABLE_MODULES = YES;
				CODE_SIGN_ENTITLEMENTS = screenshot/prd/screenshot.entitlements;
				CURRENT_PROJECT_VERSION = 94;
				DEVELOPMENT_TEAM = ZWQ99C9M3P;
				ENVIRONMENT_FOLDER = screenshot/prd/;
				INFOPLIST_FILE = screenshot/prd/Info.plist;
				LD_RUNPATH_SEARCH_PATHS = "$(inherited) @executable_path/Frameworks";
				PRODUCT_BUNDLE_IDENTIFIER = io.crazeapp.screenshot;
				PRODUCT_NAME = "$(TARGET_NAME)";
				SWIFT_ACTIVE_COMPILATION_CONDITIONS = "RELEASE PRD";
				SWIFT_OBJC_BRIDGING_HEADER = "screenshot-Bridging-Header.h";
				SWIFT_VERSION = 3.0;
				TARGETED_DEVICE_FAMILY = 1;
				VERSIONING_SYSTEM = "Apple Generic";
			};
			name = prdRelease;
		};
/* End XCBuildConfiguration section */

/* Begin XCConfigurationList section */
		E4139D3B1F09083B00E8A53B /* Build configuration list for PBXProject "screenshot" */ = {
			isa = XCConfigurationList;
			buildConfigurations = (
				E4139D551F09083B00E8A53B /* devDebug */,
				E4D6D8A11F61ADBF009DD999 /* prdDebug */,
				E4139D561F09083B00E8A53B /* devRelease */,
				E4D6D8A31F61ADD1009DD999 /* prdRelease */,
			);
			defaultConfigurationIsVisible = 0;
			defaultConfigurationName = devDebug;
		};
		E4139D571F09083B00E8A53B /* Build configuration list for PBXNativeTarget "screenshot" */ = {
			isa = XCConfigurationList;
			buildConfigurations = (
				E4139D581F09083B00E8A53B /* devDebug */,
				E4D6D8A21F61ADBF009DD999 /* prdDebug */,
				E4139D591F09083B00E8A53B /* devRelease */,
				E4D6D8A41F61ADD1009DD999 /* prdRelease */,
			);
			defaultConfigurationIsVisible = 0;
			defaultConfigurationName = devDebug;
		};
/* End XCConfigurationList section */

/* Begin XCVersionGroup section */
		C5278FBD1F3C38510090E422 /* Model.xcdatamodeld */ = {
			isa = XCVersionGroup;
			children = (
				E4E990D4200E01AE00B85505 /* Model 9.xcdatamodel */,
				E4F9B9552005315E0019264E /* Model 8.xcdatamodel */,
				E47B02F01FF0EF1E0070F515 /* Model 7.xcdatamodel */,
				E41D98791FE26114006EB79E /* Model 6.xcdatamodel */,
				E492765B1FC6FADB009DD239 /* Model 5.xcdatamodel */,
				E4D5900D1F8367A3006A3C89 /* Model 4.xcdatamodel */,
				E41BB9361F652EA000A74F04 /* Model 3.xcdatamodel */,
				E42AC3921F60340B0035A07C /* Model 2.xcdatamodel */,
				C5278FBE1F3C38510090E422 /* Model.xcdatamodel */,
			);
			currentVersion = E4E990D4200E01AE00B85505 /* Model 9.xcdatamodel */;
			path = Model.xcdatamodeld;
			sourceTree = "<group>";
			versionGroupType = wrapper.xcdatamodel;
		};
/* End XCVersionGroup section */
	};
	rootObject = E4139D381F09083B00E8A53B /* Project object */;
}
