PODS:
  - Amplitude-iOS (4.1.0)
  - Analytics (3.6.9)
  - Appsee (2.3.6)
  - Bolts (1.9.0):
    - Bolts/AppLinks (= 1.9.0)
    - Bolts/Tasks (= 1.9.0)
  - Bolts/AppLinks (1.9.0):
    - Bolts/Tasks
  - Bolts/Tasks (1.9.0)
  - Branch (0.22.5):
    - Branch/Core (= 0.22.5)
  - Branch/Core (0.22.5)
  - Clarifai-Apple-SDK (3.0.0-beta14)
  - EggRating (0.1.5):
    - RateView
  - FBSDKCoreKit (4.31.0):
    - Bolts (~> 1.7)
  - FBSDKLoginKit (4.31.0):
    - FBSDKCoreKit
  - FBSDKShareKit (4.31.0):
    - FBSDKCoreKit (~> 4.31.0)
  - Intercom (4.1.9)
  - lottie-ios (2.5.0)
  - PromiseKit/CorePromise (4.5.2)
  - PromiseKit/Foundation (4.5.2):
    - PromiseKit/CorePromise
  - PromiseKit/StoreKit (4.5.2):
    - PromiseKit/CorePromise
  - RateView (1.2)
  - SDWebImage (4.3.2):
    - SDWebImage/Core (= 4.3.2)
  - SDWebImage/Core (4.3.2)
  - Segment-Amplitude (2.0.0):
    - Amplitude-iOS (~> 4.0)
    - Analytics (~> 3.6)

DEPENDENCIES:
  - Analytics (~> 3.0)
  - Appsee
  - Branch
  - Clarifai-Apple-SDK (= 3.0.0-beta14)
  - EggRating
  - FBSDKCoreKit
  - FBSDKLoginKit
  - FBSDKShareKit
  - Intercom
  - lottie-ios
  - PromiseKit/Foundation (= 4.5.2)
  - PromiseKit/StoreKit (~> 4.0)
  - SDWebImage (~> 4.0)
  - Segment-Amplitude

SPEC CHECKSUMS:
  Amplitude-iOS: c923c4a576698083c1cd05e45072c92d41e206bd
  Analytics: 6541ce337e99d9f7a2240a8b3953940a7be5f998
  Appsee: 8b3eab549f4701befe537cab4aefd175421f6328
  Bolts: ac6567323eac61e203f6a9763667d0f711be34c8
  Branch: 4f0482418d99e77d15b0e6065ef216c10e24797b
  Clarifai-Apple-SDK: 19a638c697dc7701dbb5edcfbfbf1750bf1507a3
  EggRating: 7f892b9b8da758689525caf9dcb1c9475f9d5139
  FBSDKCoreKit: 54db4c581123745d25a9f7c1608020b3aeabd118
  FBSDKLoginKit: 95a252ddffd6919c0f132a02292f0824616d8709
  FBSDKShareKit: 7c3a2e6bb5be15676aebe256444afb18c5d238b3
  Intercom: c69c28474ffc9bf99cce5a7c25f515aad3796944
  lottie-ios: d699fdee68d7b63e721d949388b015fef1aaa4ac
  PromiseKit: 743e497a5f505a470d3bbbf4ce0663c1268af0a4
  RateView: d4d12e9bb76dc23a77a56f4e5c5fb530a3f3f998
  SDWebImage: 29bd3c0bc1f01e5eb59720847c64ad4c4ca1af5d
  Segment-Amplitude: bef43d0ec5c2986fe50c1e534e3d4db0171867f4

PODFILE CHECKSUM: c4ded11963e31cbf32336339e68e9aff2100faab

COCOAPODS: 1.4.0
